// !$*UTF8*$!
{
	archiveVersion = 1;
	classes = {
	};
	objectVersion = 50;
	objects = {

/* Begin PBXBuildFile section */
		13AABA722616A368008F5303 /* main.cpp in Sources */ = {isa = PBXBuildFile; fileRef = 13AABA712616A368008F5303 /* main.cpp */; };
		13AABA802616AE97008F5303 /* main.cpp in Sources */ = {isa = PBXBuildFile; fileRef = 13AABA7F2616AE97008F5303 /* main.cpp */; };
		13AABA8D2616B593008F5303 /* main.cpp in Sources */ = {isa = PBXBuildFile; fileRef = 13AABA8C2616B593008F5303 /* main.cpp */; };
/* End PBXBuildFile section */

/* Begin PBXCopyFilesBuildPhase section */
		13AABA6C2616A368008F5303 /* CopyFiles */ = {
			isa = PBXCopyFilesBuildPhase;
			buildActionMask = 2147483647;
			dstPath = /usr/share/man/man1/;
			dstSubfolderSpec = 0;
			files = (
			);
			runOnlyForDeploymentPostprocessing = 1;
		};
		13AABA7B2616AE97008F5303 /* CopyFiles */ = {
			isa = PBXCopyFilesBuildPhase;
			buildActionMask = 2147483647;
			dstPath = /usr/share/man/man1/;
			dstSubfolderSpec = 0;
			files = (
			);
			runOnlyForDeploymentPostprocessing = 1;
		};
		13AABA882616B593008F5303 /* CopyFiles */ = {
			isa = PBXCopyFilesBuildPhase;
			buildActionMask = 2147483647;
			dstPath = /usr/share/man/man1/;
			dstSubfolderSpec = 0;
			files = (
			);
			runOnlyForDeploymentPostprocessing = 1;
		};
/* End PBXCopyFilesBuildPhase section */

/* Begin PBXFileReference section */
		13AABA6E2616A368008F5303 /* April LeetCoding Challenge 2021 */ = {isa = PBXFileReference; explicitFileType = "compiled.mach-o.executable"; includeInIndex = 0; path = "April LeetCoding Challenge 2021"; sourceTree = BUILT_PRODUCTS_DIR; };
		13AABA712616A368008F5303 /* main.cpp */ = {isa = PBXFileReference; lastKnownFileType = sourcecode.cpp.cpp; path = main.cpp; sourceTree = "<group>"; };
		13AABA7D2616AE97008F5303 /* Week 1: Palindrome Linked List */ = {isa = PBXFileReference; explicitFileType = "compiled.mach-o.executable"; includeInIndex = 0; path = "Week 1: Palindrome Linked List"; sourceTree = BUILT_PRODUCTS_DIR; };
		13AABA7F2616AE97008F5303 /* main.cpp */ = {isa = PBXFileReference; lastKnownFileType = sourcecode.cpp.cpp; path = main.cpp; sourceTree = "<group>"; };
		13AABA8A2616B593008F5303 /* Week 1: Largest Unique Number */ = {isa = PBXFileReference; explicitFileType = "compiled.mach-o.executable"; includeInIndex = 0; path = "Week 1: Largest Unique Number"; sourceTree = BUILT_PRODUCTS_DIR; };
		13AABA8C2616B593008F5303 /* main.cpp */ = {isa = PBXFileReference; lastKnownFileType = sourcecode.cpp.cpp; path = main.cpp; sourceTree = "<group>"; };
/* End PBXFileReference section */

/* Begin PBXFrameworksBuildPhase section */
		13AABA6B2616A368008F5303 /* Frameworks */ = {
			isa = PBXFrameworksBuildPhase;
			buildActionMask = 2147483647;
			files = (
			);
			runOnlyForDeploymentPostprocessing = 0;
		};
		13AABA7A2616AE97008F5303 /* Frameworks */ = {
			isa = PBXFrameworksBuildPhase;
			buildActionMask = 2147483647;
			files = (
			);
			runOnlyForDeploymentPostprocessing = 0;
		};
		13AABA872616B593008F5303 /* Frameworks */ = {
			isa = PBXFrameworksBuildPhase;
			buildActionMask = 2147483647;
			files = (
			);
			runOnlyForDeploymentPostprocessing = 0;
		};
/* End PBXFrameworksBuildPhase section */

/* Begin PBXGroup section */
		13AABA652616A368008F5303 = {
			isa = PBXGroup;
			children = (
				13AABA702616A368008F5303 /* April LeetCoding Challenge 2021 */,
				13AABA7E2616AE97008F5303 /* Week 1: Palindrome Linked List */,
				13AABA8B2616B593008F5303 /* Week 1: Largest Unique Number */,
				13AABA6F2616A368008F5303 /* Products */,
			);
			sourceTree = "<group>";
		};
		13AABA6F2616A368008F5303 /* Products */ = {
			isa = PBXGroup;
			children = (
				13AABA6E2616A368008F5303 /* April LeetCoding Challenge 2021 */,
				13AABA7D2616AE97008F5303 /* Week 1: Palindrome Linked List */,
				13AABA8A2616B593008F5303 /* Week 1: Largest Unique Number */,
			);
			name = Products;
			sourceTree = "<group>";
		};
		13AABA702616A368008F5303 /* April LeetCoding Challenge 2021 */ = {
			isa = PBXGroup;
			children = (
				13AABA712616A368008F5303 /* main.cpp */,
			);
			path = "April LeetCoding Challenge 2021";
			sourceTree = "<group>";
		};
		13AABA7E2616AE97008F5303 /* Week 1: Palindrome Linked List */ = {
			isa = PBXGroup;
			children = (
				13AABA7F2616AE97008F5303 /* main.cpp */,
			);
			path = "Week 1: Palindrome Linked List";
			sourceTree = "<group>";
		};
		13AABA8B2616B593008F5303 /* Week 1: Largest Unique Number */ = {
			isa = PBXGroup;
			children = (
				13AABA8C2616B593008F5303 /* main.cpp */,
			);
			path = "Week 1: Largest Unique Number";
			sourceTree = "<group>";
		};
/* End PBXGroup section */

/* Begin PBXNativeTarget section */
		13AABA6D2616A368008F5303 /* April LeetCoding Challenge 2021 */ = {
			isa = PBXNativeTarget;
			buildConfigurationList = 13AABA752616A368008F5303 /* Build configuration list for PBXNativeTarget "April LeetCoding Challenge 2021" */;
			buildPhases = (
				13AABA6A2616A368008F5303 /* Sources */,
				13AABA6B2616A368008F5303 /* Frameworks */,
				13AABA6C2616A368008F5303 /* CopyFiles */,
			);
			buildRules = (
			);
			dependencies = (
			);
			name = "April LeetCoding Challenge 2021";
			productName = "April LeetCoding Challenge 2021";
			productReference = 13AABA6E2616A368008F5303 /* April LeetCoding Challenge 2021 */;
			productType = "com.apple.product-type.tool";
		};
		13AABA7C2616AE97008F5303 /* Week 1: Palindrome Linked List */ = {
			isa = PBXNativeTarget;
			buildConfigurationList = 13AABA812616AE97008F5303 /* Build configuration list for PBXNativeTarget "Week 1: Palindrome Linked List" */;
			buildPhases = (
				13AABA792616AE97008F5303 /* Sources */,
				13AABA7A2616AE97008F5303 /* Frameworks */,
				13AABA7B2616AE97008F5303 /* CopyFiles */,
			);
			buildRules = (
			);
			dependencies = (
			);
			name = "Week 1: Palindrome Linked List";
			productName = "Week 1: Palindrome Linked List";
			productReference = 13AABA7D2616AE97008F5303 /* Week 1: Palindrome Linked List */;
			productType = "com.apple.product-type.tool";
		};
		13AABA892616B593008F5303 /* Week 1: Largest Unique Number */ = {
			isa = PBXNativeTarget;
			buildConfigurationList = 13AABA902616B593008F5303 /* Build configuration list for PBXNativeTarget "Week 1: Largest Unique Number" */;
			buildPhases = (
				13AABA862616B593008F5303 /* Sources */,
				13AABA872616B593008F5303 /* Frameworks */,
				13AABA882616B593008F5303 /* CopyFiles */,
			);
			buildRules = (
			);
			dependencies = (
			);
			name = "Week 1: Largest Unique Number";
			productName = "Week 1: Largest Unique Number";
			productReference = 13AABA8A2616B593008F5303 /* Week 1: Largest Unique Number */;
			productType = "com.apple.product-type.tool";
		};
/* End PBXNativeTarget section */

/* Begin PBXProject section */
		13AABA662616A368008F5303 /* Project object */ = {
			isa = PBXProject;
			attributes = {
				LastUpgradeCheck = 1240;
				TargetAttributes = {
					13AABA6D2616A368008F5303 = {
						CreatedOnToolsVersion = 12.4;
					};
					13AABA7C2616AE97008F5303 = {
						CreatedOnToolsVersion = 12.4;
					};
					13AABA892616B593008F5303 = {
						CreatedOnToolsVersion = 12.4;
					};
				};
			};
			buildConfigurationList = 13AABA692616A368008F5303 /* Build configuration list for PBXProject "April LeetCoding Challenge 2021" */;
			compatibilityVersion = "Xcode 9.3";
			developmentRegion = en;
			hasScannedForEncodings = 0;
			knownRegions = (
				en,
				Base,
			);
			mainGroup = 13AABA652616A368008F5303;
			productRefGroup = 13AABA6F2616A368008F5303 /* Products */;
			projectDirPath = "";
			projectRoot = "";
			targets = (
				13AABA6D2616A368008F5303 /* April LeetCoding Challenge 2021 */,
				13AABA7C2616AE97008F5303 /* Week 1: Palindrome Linked List */,
				13AABA892616B593008F5303 /* Week 1: Largest Unique Number */,
			);
		};
/* End PBXProject section */

/* Begin PBXSourcesBuildPhase section */
		13AABA6A2616A368008F5303 /* Sources */ = {
			isa = PBXSourcesBuildPhase;
			buildActionMask = 2147483647;
			files = (
				13AABA722616A368008F5303 /* main.cpp in Sources */,
			);
			runOnlyForDeploymentPostprocessing = 0;
		};
		13AABA792616AE97008F5303 /* Sources */ = {
			isa = PBXSourcesBuildPhase;
			buildActionMask = 2147483647;
			files = (
				13AABA802616AE97008F5303 /* main.cpp in Sources */,
			);
			runOnlyForDeploymentPostprocessing = 0;
		};
		13AABA862616B593008F5303 /* Sources */ = {
			isa = PBXSourcesBuildPhase;
			buildActionMask = 2147483647;
			files = (
				13AABA8D2616B593008F5303 /* main.cpp in Sources */,
			);
			runOnlyForDeploymentPostprocessing = 0;
		};
/* End PBXSourcesBuildPhase section */

/* Begin XCBuildConfiguration section */
		13AABA732616A368008F5303 /* Debug */ = {
			isa = XCBuildConfiguration;
			buildSettings = {
				ALWAYS_SEARCH_USER_PATHS = NO;
				CLANG_ANALYZER_NONNULL = YES;
				CLANG_ANALYZER_NUMBER_OBJECT_CONVERSION = YES_AGGRESSIVE;
				CLANG_CXX_LANGUAGE_STANDARD = "gnu++14";
				CLANG_CXX_LIBRARY = "libc++";
				CLANG_ENABLE_MODULES = YES;
				CLANG_ENABLE_OBJC_ARC = YES;
				CLANG_ENABLE_OBJC_WEAK = YES;
				CLANG_WARN_BLOCK_CAPTURE_AUTORELEASING = YES;
				CLANG_WARN_BOOL_CONVERSION = YES;
				CLANG_WARN_COMMA = YES;
				CLANG_WARN_CONSTANT_CONVERSION = YES;
				CLANG_WARN_DEPRECATED_OBJC_IMPLEMENTATIONS = YES;
				CLANG_WARN_DIRECT_OBJC_ISA_USAGE = YES_ERROR;
				CLANG_WARN_DOCUMENTATION_COMMENTS = YES;
				CLANG_WARN_EMPTY_BODY = YES;
				CLANG_WARN_ENUM_CONVERSION = YES;
				CLANG_WARN_INFINITE_RECURSION = YES;
				CLANG_WARN_INT_CONVERSION = YES;
				CLANG_WARN_NON_LITERAL_NULL_CONVERSION = YES;
				CLANG_WARN_OBJC_IMPLICIT_RETAIN_SELF = YES;
				CLANG_WARN_OBJC_LITERAL_CONVERSION = YES;
				CLANG_WARN_OBJC_ROOT_CLASS = YES_ERROR;
				CLANG_WARN_QUOTED_INCLUDE_IN_FRAMEWORK_HEADER = YES;
				CLANG_WARN_RANGE_LOOP_ANALYSIS = YES;
				CLANG_WARN_STRICT_PROTOTYPES = YES;
				CLANG_WARN_SUSPICIOUS_MOVE = YES;
				CLANG_WARN_UNGUARDED_AVAILABILITY = YES_AGGRESSIVE;
				CLANG_WARN_UNREACHABLE_CODE = YES;
				CLANG_WARN__DUPLICATE_METHOD_MATCH = YES;
				COPY_PHASE_STRIP = NO;
				DEBUG_INFORMATION_FORMAT = dwarf;
				ENABLE_STRICT_OBJC_MSGSEND = YES;
				ENABLE_TESTABILITY = YES;
				GCC_C_LANGUAGE_STANDARD = gnu11;
				GCC_DYNAMIC_NO_PIC = NO;
				GCC_NO_COMMON_BLOCKS = YES;
				GCC_OPTIMIZATION_LEVEL = 0;
				GCC_PREPROCESSOR_DEFINITIONS = (
					"DEBUG=1",
					"$(inherited)",
				);
				GCC_WARN_64_TO_32_BIT_CONVERSION = YES;
				GCC_WARN_ABOUT_RETURN_TYPE = YES_ERROR;
				GCC_WARN_UNDECLARED_SELECTOR = YES;
				GCC_WARN_UNINITIALIZED_AUTOS = YES_AGGRESSIVE;
				GCC_WARN_UNUSED_FUNCTION = YES;
				GCC_WARN_UNUSED_VARIABLE = YES;
				MACOSX_DEPLOYMENT_TARGET = 11.1;
				MTL_ENABLE_DEBUG_INFO = INCLUDE_SOURCE;
				MTL_FAST_MATH = YES;
				ONLY_ACTIVE_ARCH = YES;
				SDKROOT = macosx;
			};
			name = Debug;
		};
		13AABA742616A368008F5303 /* Release */ = {
			isa = XCBuildConfiguration;
			buildSettings = {
				ALWAYS_SEARCH_USER_PATHS = NO;
				CLANG_ANALYZER_NONNULL = YES;
				CLANG_ANALYZER_NUMBER_OBJECT_CONVERSION = YES_AGGRESSIVE;
				CLANG_CXX_LANGUAGE_STANDARD = "gnu++14";
				CLANG_CXX_LIBRARY = "libc++";
				CLANG_ENABLE_MODULES = YES;
				CLANG_ENABLE_OBJC_ARC = YES;
				CLANG_ENABLE_OBJC_WEAK = YES;
				CLANG_WARN_BLOCK_CAPTURE_AUTORELEASING = YES;
				CLANG_WARN_BOOL_CONVERSION = YES;
				CLANG_WARN_COMMA = YES;
				CLANG_WARN_CONSTANT_CONVERSION = YES;
				CLANG_WARN_DEPRECATED_OBJC_IMPLEMENTATIONS = YES;
				CLANG_WARN_DIRECT_OBJC_ISA_USAGE = YES_ERROR;
				CLANG_WARN_DOCUMENTATION_COMMENTS = YES;
				CLANG_WARN_EMPTY_BODY = YES;
				CLANG_WARN_ENUM_CONVERSION = YES;
				CLANG_WARN_INFINITE_RECURSION = YES;
				CLANG_WARN_INT_CONVERSION = YES;
				CLANG_WARN_NON_LITERAL_NULL_CONVERSION = YES;
				CLANG_WARN_OBJC_IMPLICIT_RETAIN_SELF = YES;
				CLANG_WARN_OBJC_LITERAL_CONVERSION = YES;
				CLANG_WARN_OBJC_ROOT_CLASS = YES_ERROR;
				CLANG_WARN_QUOTED_INCLUDE_IN_FRAMEWORK_HEADER = YES;
				CLANG_WARN_RANGE_LOOP_ANALYSIS = YES;
				CLANG_WARN_STRICT_PROTOTYPES = YES;
				CLANG_WARN_SUSPICIOUS_MOVE = YES;
				CLANG_WARN_UNGUARDED_AVAILABILITY = YES_AGGRESSIVE;
				CLANG_WARN_UNREACHABLE_CODE = YES;
				CLANG_WARN__DUPLICATE_METHOD_MATCH = YES;
				COPY_PHASE_STRIP = NO;
				DEBUG_INFORMATION_FORMAT = "dwarf-with-dsym";
				ENABLE_NS_ASSERTIONS = NO;
				ENABLE_STRICT_OBJC_MSGSEND = YES;
				GCC_C_LANGUAGE_STANDARD = gnu11;
				GCC_NO_COMMON_BLOCKS = YES;
				GCC_WARN_64_TO_32_BIT_CONVERSION = YES;
				GCC_WARN_ABOUT_RETURN_TYPE = YES_ERROR;
				GCC_WARN_UNDECLARED_SELECTOR = YES;
				GCC_WARN_UNINITIALIZED_AUTOS = YES_AGGRESSIVE;
				GCC_WARN_UNUSED_FUNCTION = YES;
				GCC_WARN_UNUSED_VARIABLE = YES;
				MACOSX_DEPLOYMENT_TARGET = 11.1;
				MTL_ENABLE_DEBUG_INFO = NO;
				MTL_FAST_MATH = YES;
				SDKROOT = macosx;
			};
			name = Release;
		};
		13AABA762616A368008F5303 /* Debug */ = {
			isa = XCBuildConfiguration;
			buildSettings = {
				CODE_SIGN_STYLE = Automatic;
				PRODUCT_NAME = "$(TARGET_NAME)";
			};
			name = Debug;
		};
		13AABA772616A368008F5303 /* Release */ = {
			isa = XCBuildConfiguration;
			buildSettings = {
				CODE_SIGN_STYLE = Automatic;
				PRODUCT_NAME = "$(TARGET_NAME)";
			};
			name = Release;
		};
		13AABA822616AE97008F5303 /* Debug */ = {
			isa = XCBuildConfiguration;
			buildSettings = {
				CODE_SIGN_STYLE = Automatic;
				PRODUCT_NAME = "$(TARGET_NAME)";
			};
			name = Debug;
		};
		13AABA832616AE97008F5303 /* Release */ = {
			isa = XCBuildConfiguration;
			buildSettings = {
				CODE_SIGN_STYLE = Automatic;
				PRODUCT_NAME = "$(TARGET_NAME)";
			};
			name = Release;
		};
		13AABA8E2616B593008F5303 /* Debug */ = {
			isa = XCBuildConfiguration;
			buildSettings = {
				CODE_SIGN_STYLE = Automatic;
				PRODUCT_NAME = "$(TARGET_NAME)";
			};
			name = Debug;
		};
		13AABA8F2616B593008F5303 /* Release */ = {
			isa = XCBuildConfiguration;
			buildSettings = {
				CODE_SIGN_STYLE = Automatic;
				PRODUCT_NAME = "$(TARGET_NAME)";
			};
			name = Release;
		};
/* End XCBuildConfiguration section */

/* Begin XCConfigurationList section */
		13AABA692616A368008F5303 /* Build configuration list for PBXProject "April LeetCoding Challenge 2021" */ = {
			isa = XCConfigurationList;
			buildConfigurations = (
				13AABA732616A368008F5303 /* Debug */,
				13AABA742616A368008F5303 /* Release */,
			);
			defaultConfigurationIsVisible = 0;
			defaultConfigurationName = Release;
		};
		13AABA752616A368008F5303 /* Build configuration list for PBXNativeTarget "April LeetCoding Challenge 2021" */ = {
			isa = XCConfigurationList;
			buildConfigurations = (
				13AABA762616A368008F5303 /* Debug */,
				13AABA772616A368008F5303 /* Release */,
			);
			defaultConfigurationIsVisible = 0;
			defaultConfigurationName = Release;
		};
		13AABA812616AE97008F5303 /* Build configuration list for PBXNativeTarget "Week 1: Palindrome Linked List" */ = {
			isa = XCConfigurationList;
			buildConfigurations = (
				13AABA822616AE97008F5303 /* Debug */,
				13AABA832616AE97008F5303 /* Release */,
			);
			defaultConfigurationIsVisible = 0;
			defaultConfigurationName = Release;
		};
		13AABA902616B593008F5303 /* Build configuration list for PBXNativeTarget "Week 1: Largest Unique Number" */ = {
			isa = XCConfigurationList;
			buildConfigurations = (
				13AABA8E2616B593008F5303 /* Debug */,
				13AABA8F2616B593008F5303 /* Release */,
			);
			defaultConfigurationIsVisible = 0;
			defaultConfigurationName = Release;
		};
/* End XCConfigurationList section */
	};
	rootObject = 13AABA662616A368008F5303 /* Project object */;
}
