// !$*UTF8*$!
{
	archiveVersion = 1;
	classes = {
	};
	objectVersion = 50;
	objects = {

/* Begin PBXBuildFile section */
		8C803E362414900300F06619 /* main.cpp in Sources */ = {isa = PBXBuildFile; fileRef = 8C803E352414900300F06619 /* main.cpp */; };
		8C803E432414901C00F06619 /* main.cpp in Sources */ = {isa = PBXBuildFile; fileRef = 8C803E422414901C00F06619 /* main.cpp */; };
		8C803E4E2414902100F06619 /* main.cpp in Sources */ = {isa = PBXBuildFile; fileRef = 8C803E4D2414902100F06619 /* main.cpp */; };
		8C803E592414902500F06619 /* main.cpp in Sources */ = {isa = PBXBuildFile; fileRef = 8C803E582414902500F06619 /* main.cpp */; };
		8C803E642414902900F06619 /* main.cpp in Sources */ = {isa = PBXBuildFile; fileRef = 8C803E632414902900F06619 /* main.cpp */; };
/* End PBXBuildFile section */

/* Begin PBXCopyFilesBuildPhase section */
		8C803E302414900300F06619 /* CopyFiles */ = {
			isa = PBXCopyFilesBuildPhase;
			buildActionMask = 2147483647;
			dstPath = /usr/share/man/man1/;
			dstSubfolderSpec = 0;
			files = (
			);
			runOnlyForDeploymentPostprocessing = 1;
		};
		8C803E3E2414901C00F06619 /* CopyFiles */ = {
			isa = PBXCopyFilesBuildPhase;
			buildActionMask = 2147483647;
			dstPath = /usr/share/man/man1/;
			dstSubfolderSpec = 0;
			files = (
			);
			runOnlyForDeploymentPostprocessing = 1;
		};
		8C803E492414902100F06619 /* CopyFiles */ = {
			isa = PBXCopyFilesBuildPhase;
			buildActionMask = 2147483647;
			dstPath = /usr/share/man/man1/;
			dstSubfolderSpec = 0;
			files = (
			);
			runOnlyForDeploymentPostprocessing = 1;
		};
		8C803E542414902500F06619 /* CopyFiles */ = {
			isa = PBXCopyFilesBuildPhase;
			buildActionMask = 2147483647;
			dstPath = /usr/share/man/man1/;
			dstSubfolderSpec = 0;
			files = (
			);
			runOnlyForDeploymentPostprocessing = 1;
		};
		8C803E5F2414902900F06619 /* CopyFiles */ = {
			isa = PBXCopyFilesBuildPhase;
			buildActionMask = 2147483647;
			dstPath = /usr/share/man/man1/;
			dstSubfolderSpec = 0;
			files = (
			);
			runOnlyForDeploymentPostprocessing = 1;
		};
/* End PBXCopyFilesBuildPhase section */

/* Begin PBXFileReference section */
		8C803E322414900300F06619 /* Contest 179 */ = {isa = PBXFileReference; explicitFileType = "compiled.mach-o.executable"; includeInIndex = 0; path = "Contest 179"; sourceTree = BUILT_PRODUCTS_DIR; };
		8C803E352414900300F06619 /* main.cpp */ = {isa = PBXFileReference; lastKnownFileType = sourcecode.cpp.cpp; path = main.cpp; sourceTree = "<group>"; };
		8C803E402414901C00F06619 /* A */ = {isa = PBXFileReference; explicitFileType = "compiled.mach-o.executable"; includeInIndex = 0; path = A; sourceTree = BUILT_PRODUCTS_DIR; };
		8C803E422414901C00F06619 /* main.cpp */ = {isa = PBXFileReference; lastKnownFileType = sourcecode.cpp.cpp; path = main.cpp; sourceTree = "<group>"; };
		8C803E4B2414902100F06619 /* B */ = {isa = PBXFileReference; explicitFileType = "compiled.mach-o.executable"; includeInIndex = 0; path = B; sourceTree = BUILT_PRODUCTS_DIR; };
		8C803E4D2414902100F06619 /* main.cpp */ = {isa = PBXFileReference; lastKnownFileType = sourcecode.cpp.cpp; path = main.cpp; sourceTree = "<group>"; };
		8C803E562414902500F06619 /* C */ = {isa = PBXFileReference; explicitFileType = "compiled.mach-o.executable"; includeInIndex = 0; path = C; sourceTree = BUILT_PRODUCTS_DIR; };
		8C803E582414902500F06619 /* main.cpp */ = {isa = PBXFileReference; lastKnownFileType = sourcecode.cpp.cpp; path = main.cpp; sourceTree = "<group>"; };
		8C803E612414902900F06619 /* D */ = {isa = PBXFileReference; explicitFileType = "compiled.mach-o.executable"; includeInIndex = 0; path = D; sourceTree = BUILT_PRODUCTS_DIR; };
		8C803E632414902900F06619 /* main.cpp */ = {isa = PBXFileReference; lastKnownFileType = sourcecode.cpp.cpp; path = main.cpp; sourceTree = "<group>"; };
/* End PBXFileReference section */

/* Begin PBXFrameworksBuildPhase section */
		8C803E2F2414900300F06619 /* Frameworks */ = {
			isa = PBXFrameworksBuildPhase;
			buildActionMask = 2147483647;
			files = (
			);
			runOnlyForDeploymentPostprocessing = 0;
		};
		8C803E3D2414901C00F06619 /* Frameworks */ = {
			isa = PBXFrameworksBuildPhase;
			buildActionMask = 2147483647;
			files = (
			);
			runOnlyForDeploymentPostprocessing = 0;
		};
		8C803E482414902100F06619 /* Frameworks */ = {
			isa = PBXFrameworksBuildPhase;
			buildActionMask = 2147483647;
			files = (
			);
			runOnlyForDeploymentPostprocessing = 0;
		};
		8C803E532414902500F06619 /* Frameworks */ = {
			isa = PBXFrameworksBuildPhase;
			buildActionMask = 2147483647;
			files = (
			);
			runOnlyForDeploymentPostprocessing = 0;
		};
		8C803E5E2414902900F06619 /* Frameworks */ = {
			isa = PBXFrameworksBuildPhase;
			buildActionMask = 2147483647;
			files = (
			);
			runOnlyForDeploymentPostprocessing = 0;
		};
/* End PBXFrameworksBuildPhase section */

/* Begin PBXGroup section */
		8C803E292414900300F06619 = {
			isa = PBXGroup;
			children = (
				8C803E342414900300F06619 /* Contest 179 */,
				8C803E412414901C00F06619 /* A */,
				8C803E4C2414902100F06619 /* B */,
				8C803E572414902500F06619 /* C */,
				8C803E622414902900F06619 /* D */,
				8C803E332414900300F06619 /* Products */,
			);
			sourceTree = "<group>";
		};
		8C803E332414900300F06619 /* Products */ = {
			isa = PBXGroup;
			children = (
				8C803E322414900300F06619 /* Contest 179 */,
				8C803E402414901C00F06619 /* A */,
				8C803E4B2414902100F06619 /* B */,
				8C803E562414902500F06619 /* C */,
				8C803E612414902900F06619 /* D */,
			);
			name = Products;
			sourceTree = "<group>";
		};
		8C803E342414900300F06619 /* Contest 179 */ = {
			isa = PBXGroup;
			children = (
				8C803E352414900300F06619 /* main.cpp */,
			);
			path = "Contest 179";
			sourceTree = "<group>";
		};
		8C803E412414901C00F06619 /* A */ = {
			isa = PBXGroup;
			children = (
				8C803E422414901C00F06619 /* main.cpp */,
			);
			path = A;
			sourceTree = "<group>";
		};
		8C803E4C2414902100F06619 /* B */ = {
			isa = PBXGroup;
			children = (
				8C803E4D2414902100F06619 /* main.cpp */,
			);
			path = B;
			sourceTree = "<group>";
		};
		8C803E572414902500F06619 /* C */ = {
			isa = PBXGroup;
			children = (
				8C803E582414902500F06619 /* main.cpp */,
			);
			path = C;
			sourceTree = "<group>";
		};
		8C803E622414902900F06619 /* D */ = {
			isa = PBXGroup;
			children = (
				8C803E632414902900F06619 /* main.cpp */,
			);
			path = D;
			sourceTree = "<group>";
		};
/* End PBXGroup section */

/* Begin PBXNativeTarget section */
		8C803E312414900300F06619 /* Contest 179 */ = {
			isa = PBXNativeTarget;
			buildConfigurationList = 8C803E392414900300F06619 /* Build configuration list for PBXNativeTarget "Contest 179" */;
			buildPhases = (
				8C803E2E2414900300F06619 /* Sources */,
				8C803E2F2414900300F06619 /* Frameworks */,
				8C803E302414900300F06619 /* CopyFiles */,
			);
			buildRules = (
			);
			dependencies = (
			);
			name = "Contest 179";
			productName = "Contest 179";
			productReference = 8C803E322414900300F06619 /* Contest 179 */;
			productType = "com.apple.product-type.tool";
		};
		8C803E3F2414901C00F06619 /* A */ = {
			isa = PBXNativeTarget;
			buildConfigurationList = 8C803E442414901C00F06619 /* Build configuration list for PBXNativeTarget "A" */;
			buildPhases = (
				8C803E3C2414901C00F06619 /* Sources */,
				8C803E3D2414901C00F06619 /* Frameworks */,
				8C803E3E2414901C00F06619 /* CopyFiles */,
			);
			buildRules = (
			);
			dependencies = (
			);
			name = A;
			productName = A;
			productReference = 8C803E402414901C00F06619 /* A */;
			productType = "com.apple.product-type.tool";
		};
		8C803E4A2414902100F06619 /* B */ = {
			isa = PBXNativeTarget;
			buildConfigurationList = 8C803E4F2414902100F06619 /* Build configuration list for PBXNativeTarget "B" */;
			buildPhases = (
				8C803E472414902100F06619 /* Sources */,
				8C803E482414902100F06619 /* Frameworks */,
				8C803E492414902100F06619 /* CopyFiles */,
			);
			buildRules = (
			);
			dependencies = (
			);
			name = B;
			productName = B;
			productReference = 8C803E4B2414902100F06619 /* B */;
			productType = "com.apple.product-type.tool";
		};
		8C803E552414902500F06619 /* C */ = {
			isa = PBXNativeTarget;
			buildConfigurationList = 8C803E5A2414902500F06619 /* Build configuration list for PBXNativeTarget "C" */;
			buildPhases = (
				8C803E522414902500F06619 /* Sources */,
				8C803E532414902500F06619 /* Frameworks */,
				8C803E542414902500F06619 /* CopyFiles */,
			);
			buildRules = (
			);
			dependencies = (
			);
			name = C;
			productName = C;
			productReference = 8C803E562414902500F06619 /* C */;
			productType = "com.apple.product-type.tool";
		};
		8C803E602414902900F06619 /* D */ = {
			isa = PBXNativeTarget;
			buildConfigurationList = 8C803E652414902900F06619 /* Build configuration list for PBXNativeTarget "D" */;
			buildPhases = (
				8C803E5D2414902900F06619 /* Sources */,
				8C803E5E2414902900F06619 /* Frameworks */,
				8C803E5F2414902900F06619 /* CopyFiles */,
			);
			buildRules = (
			);
			dependencies = (
			);
			name = D;
			productName = D;
			productReference = 8C803E612414902900F06619 /* D */;
			productType = "com.apple.product-type.tool";
		};
/* End PBXNativeTarget section */

/* Begin PBXProject section */
		8C803E2A2414900300F06619 /* Project object */ = {
			isa = PBXProject;
			attributes = {
				LastUpgradeCheck = 1130;
				ORGANIZATIONNAME = "边俊林";
				TargetAttributes = {
					8C803E312414900300F06619 = {
						CreatedOnToolsVersion = 11.3.1;
					};
					8C803E3F2414901C00F06619 = {
						CreatedOnToolsVersion = 11.3.1;
					};
					8C803E4A2414902100F06619 = {
						CreatedOnToolsVersion = 11.3.1;
					};
					8C803E552414902500F06619 = {
						CreatedOnToolsVersion = 11.3.1;
					};
					8C803E602414902900F06619 = {
						CreatedOnToolsVersion = 11.3.1;
					};
				};
			};
			buildConfigurationList = 8C803E2D2414900300F06619 /* Build configuration list for PBXProject "Contest 179" */;
			compatibilityVersion = "Xcode 9.3";
			developmentRegion = en;
			hasScannedForEncodings = 0;
			knownRegions = (
				en,
				Base,
			);
			mainGroup = 8C803E292414900300F06619;
			productRefGroup = 8C803E332414900300F06619 /* Products */;
			projectDirPath = "";
			projectRoot = "";
			targets = (
				8C803E312414900300F06619 /* Contest 179 */,
				8C803E3F2414901C00F06619 /* A */,
				8C803E4A2414902100F06619 /* B */,
				8C803E552414902500F06619 /* C */,
				8C803E602414902900F06619 /* D */,
			);
		};
/* End PBXProject section */

/* Begin PBXSourcesBuildPhase section */
		8C803E2E2414900300F06619 /* Sources */ = {
			isa = PBXSourcesBuildPhase;
			buildActionMask = 2147483647;
			files = (
				8C803E362414900300F06619 /* main.cpp in Sources */,
			);
			runOnlyForDeploymentPostprocessing = 0;
		};
		8C803E3C2414901C00F06619 /* Sources */ = {
			isa = PBXSourcesBuildPhase;
			buildActionMask = 2147483647;
			files = (
				8C803E432414901C00F06619 /* main.cpp in Sources */,
			);
			runOnlyForDeploymentPostprocessing = 0;
		};
		8C803E472414902100F06619 /* Sources */ = {
			isa = PBXSourcesBuildPhase;
			buildActionMask = 2147483647;
			files = (
				8C803E4E2414902100F06619 /* main.cpp in Sources */,
			);
			runOnlyForDeploymentPostprocessing = 0;
		};
		8C803E522414902500F06619 /* Sources */ = {
			isa = PBXSourcesBuildPhase;
			buildActionMask = 2147483647;
			files = (
				8C803E592414902500F06619 /* main.cpp in Sources */,
			);
			runOnlyForDeploymentPostprocessing = 0;
		};
		8C803E5D2414902900F06619 /* Sources */ = {
			isa = PBXSourcesBuildPhase;
			buildActionMask = 2147483647;
			files = (
				8C803E642414902900F06619 /* main.cpp in Sources */,
			);
			runOnlyForDeploymentPostprocessing = 0;
		};
/* End PBXSourcesBuildPhase section */

/* Begin XCBuildConfiguration section */
		8C803E372414900300F06619 /* Debug */ = {
			isa = XCBuildConfiguration;
			buildSettings = {
				ALWAYS_SEARCH_USER_PATHS = NO;
				CLANG_ANALYZER_NONNULL = YES;
				CLANG_ANALYZER_NUMBER_OBJECT_CONVERSION = YES_AGGRESSIVE;
				CLANG_CXX_LANGUAGE_STANDARD = "gnu++14";
				CLANG_CXX_LIBRARY = "libc++";
				CLANG_ENABLE_MODULES = YES;
				CLANG_ENABLE_OBJC_ARC = YES;
				CLANG_ENABLE_OBJC_WEAK = YES;
				CLANG_WARN_BLOCK_CAPTURE_AUTORELEASING = YES;
				CLANG_WARN_BOOL_CONVERSION = YES;
				CLANG_WARN_COMMA = YES;
				CLANG_WARN_CONSTANT_CONVERSION = YES;
				CLANG_WARN_DEPRECATED_OBJC_IMPLEMENTATIONS = YES;
				CLANG_WARN_DIRECT_OBJC_ISA_USAGE = YES_ERROR;
				CLANG_WARN_DOCUMENTATION_COMMENTS = YES;
				CLANG_WARN_EMPTY_BODY = YES;
				CLANG_WARN_ENUM_CONVERSION = YES;
				CLANG_WARN_INFINITE_RECURSION = YES;
				CLANG_WARN_INT_CONVERSION = YES;
				CLANG_WARN_NON_LITERAL_NULL_CONVERSION = YES;
				CLANG_WARN_OBJC_IMPLICIT_RETAIN_SELF = YES;
				CLANG_WARN_OBJC_LITERAL_CONVERSION = YES;
				CLANG_WARN_OBJC_ROOT_CLASS = YES_ERROR;
				CLANG_WARN_RANGE_LOOP_ANALYSIS = YES;
				CLANG_WARN_STRICT_PROTOTYPES = YES;
				CLANG_WARN_SUSPICIOUS_MOVE = YES;
				CLANG_WARN_UNGUARDED_AVAILABILITY = YES_AGGRESSIVE;
				CLANG_WARN_UNREACHABLE_CODE = YES;
				CLANG_WARN__DUPLICATE_METHOD_MATCH = YES;
				COPY_PHASE_STRIP = NO;
				DEBUG_INFORMATION_FORMAT = dwarf;
				ENABLE_STRICT_OBJC_MSGSEND = YES;
				ENABLE_TESTABILITY = YES;
				GCC_C_LANGUAGE_STANDARD = gnu11;
				GCC_DYNAMIC_NO_PIC = NO;
				GCC_NO_COMMON_BLOCKS = YES;
				GCC_OPTIMIZATION_LEVEL = 0;
				GCC_PREPROCESSOR_DEFINITIONS = (
					"DEBUG=1",
					"$(inherited)",
				);
				GCC_WARN_64_TO_32_BIT_CONVERSION = YES;
				GCC_WARN_ABOUT_RETURN_TYPE = YES_ERROR;
				GCC_WARN_UNDECLARED_SELECTOR = YES;
				GCC_WARN_UNINITIALIZED_AUTOS = YES_AGGRESSIVE;
				GCC_WARN_UNUSED_FUNCTION = YES;
				GCC_WARN_UNUSED_VARIABLE = YES;
				MACOSX_DEPLOYMENT_TARGET = 10.15;
				MTL_ENABLE_DEBUG_INFO = INCLUDE_SOURCE;
				MTL_FAST_MATH = YES;
				ONLY_ACTIVE_ARCH = YES;
				SDKROOT = macosx;
			};
			name = Debug;
		};
		8C803E382414900300F06619 /* Release */ = {
			isa = XCBuildConfiguration;
			buildSettings = {
				ALWAYS_SEARCH_USER_PATHS = NO;
				CLANG_ANALYZER_NONNULL = YES;
				CLANG_ANALYZER_NUMBER_OBJECT_CONVERSION = YES_AGGRESSIVE;
				CLANG_CXX_LANGUAGE_STANDARD = "gnu++14";
				CLANG_CXX_LIBRARY = "libc++";
				CLANG_ENABLE_MODULES = YES;
				CLANG_ENABLE_OBJC_ARC = YES;
				CLANG_ENABLE_OBJC_WEAK = YES;
				CLANG_WARN_BLOCK_CAPTURE_AUTORELEASING = YES;
				CLANG_WARN_BOOL_CONVERSION = YES;
				CLANG_WARN_COMMA = YES;
				CLANG_WARN_CONSTANT_CONVERSION = YES;
				CLANG_WARN_DEPRECATED_OBJC_IMPLEMENTATIONS = YES;
				CLANG_WARN_DIRECT_OBJC_ISA_USAGE = YES_ERROR;
				CLANG_WARN_DOCUMENTATION_COMMENTS = YES;
				CLANG_WARN_EMPTY_BODY = YES;
				CLANG_WARN_ENUM_CONVERSION = YES;
				CLANG_WARN_INFINITE_RECURSION = YES;
				CLANG_WARN_INT_CONVERSION = YES;
				CLANG_WARN_NON_LITERAL_NULL_CONVERSION = YES;
				CLANG_WARN_OBJC_IMPLICIT_RETAIN_SELF = YES;
				CLANG_WARN_OBJC_LITERAL_CONVERSION = YES;
				CLANG_WARN_OBJC_ROOT_CLASS = YES_ERROR;
				CLANG_WARN_RANGE_LOOP_ANALYSIS = YES;
				CLANG_WARN_STRICT_PROTOTYPES = YES;
				CLANG_WARN_SUSPICIOUS_MOVE = YES;
				CLANG_WARN_UNGUARDED_AVAILABILITY = YES_AGGRESSIVE;
				CLANG_WARN_UNREACHABLE_CODE = YES;
				CLANG_WARN__DUPLICATE_METHOD_MATCH = YES;
				COPY_PHASE_STRIP = NO;
				DEBUG_INFORMATION_FORMAT = "dwarf-with-dsym";
				ENABLE_NS_ASSERTIONS = NO;
				ENABLE_STRICT_OBJC_MSGSEND = YES;
				GCC_C_LANGUAGE_STANDARD = gnu11;
				GCC_NO_COMMON_BLOCKS = YES;
				GCC_WARN_64_TO_32_BIT_CONVERSION = YES;
				GCC_WARN_ABOUT_RETURN_TYPE = YES_ERROR;
				GCC_WARN_UNDECLARED_SELECTOR = YES;
				GCC_WARN_UNINITIALIZED_AUTOS = YES_AGGRESSIVE;
				GCC_WARN_UNUSED_FUNCTION = YES;
				GCC_WARN_UNUSED_VARIABLE = YES;
				MACOSX_DEPLOYMENT_TARGET = 10.15;
				MTL_ENABLE_DEBUG_INFO = NO;
				MTL_FAST_MATH = YES;
				SDKROOT = macosx;
			};
			name = Release;
		};
		8C803E3A2414900300F06619 /* Debug */ = {
			isa = XCBuildConfiguration;
			buildSettings = {
				CODE_SIGN_STYLE = Automatic;
				PRODUCT_NAME = "$(TARGET_NAME)";
			};
			name = Debug;
		};
		8C803E3B2414900300F06619 /* Release */ = {
			isa = XCBuildConfiguration;
			buildSettings = {
				CODE_SIGN_STYLE = Automatic;
				PRODUCT_NAME = "$(TARGET_NAME)";
			};
			name = Release;
		};
		8C803E452414901C00F06619 /* Debug */ = {
			isa = XCBuildConfiguration;
			buildSettings = {
				CODE_SIGN_STYLE = Automatic;
				PRODUCT_NAME = "$(TARGET_NAME)";
			};
			name = Debug;
		};
		8C803E462414901C00F06619 /* Release */ = {
			isa = XCBuildConfiguration;
			buildSettings = {
				CODE_SIGN_STYLE = Automatic;
				PRODUCT_NAME = "$(TARGET_NAME)";
			};
			name = Release;
		};
		8C803E502414902100F06619 /* Debug */ = {
			isa = XCBuildConfiguration;
			buildSettings = {
				CODE_SIGN_STYLE = Automatic;
				PRODUCT_NAME = "$(TARGET_NAME)";
			};
			name = Debug;
		};
		8C803E512414902100F06619 /* Release */ = {
			isa = XCBuildConfiguration;
			buildSettings = {
				CODE_SIGN_STYLE = Automatic;
				PRODUCT_NAME = "$(TARGET_NAME)";
			};
			name = Release;
		};
		8C803E5B2414902500F06619 /* Debug */ = {
			isa = XCBuildConfiguration;
			buildSettings = {
				CODE_SIGN_STYLE = Automatic;
				PRODUCT_NAME = "$(TARGET_NAME)";
			};
			name = Debug;
		};
		8C803E5C2414902500F06619 /* Release */ = {
			isa = XCBuildConfiguration;
			buildSettings = {
				CODE_SIGN_STYLE = Automatic;
				PRODUCT_NAME = "$(TARGET_NAME)";
			};
			name = Release;
		};
		8C803E662414902900F06619 /* Debug */ = {
			isa = XCBuildConfiguration;
			buildSettings = {
				CODE_SIGN_STYLE = Automatic;
				PRODUCT_NAME = "$(TARGET_NAME)";
			};
			name = Debug;
		};
		8C803E672414902900F06619 /* Release */ = {
			isa = XCBuildConfiguration;
			buildSettings = {
				CODE_SIGN_STYLE = Automatic;
				PRODUCT_NAME = "$(TARGET_NAME)";
			};
			name = Release;
		};
/* End XCBuildConfiguration section */

/* Begin XCConfigurationList section */
		8C803E2D2414900300F06619 /* Build configuration list for PBXProject "Contest 179" */ = {
			isa = XCConfigurationList;
			buildConfigurations = (
				8C803E372414900300F06619 /* Debug */,
				8C803E382414900300F06619 /* Release */,
			);
			defaultConfigurationIsVisible = 0;
			defaultConfigurationName = Release;
		};
		8C803E392414900300F06619 /* Build configuration list for PBXNativeTarget "Contest 179" */ = {
			isa = XCConfigurationList;
			buildConfigurations = (
				8C803E3A2414900300F06619 /* Debug */,
				8C803E3B2414900300F06619 /* Release */,
			);
			defaultConfigurationIsVisible = 0;
			defaultConfigurationName = Release;
		};
		8C803E442414901C00F06619 /* Build configuration list for PBXNativeTarget "A" */ = {
			isa = XCConfigurationList;
			buildConfigurations = (
				8C803E452414901C00F06619 /* Debug */,
				8C803E462414901C00F06619 /* Release */,
			);
			defaultConfigurationIsVisible = 0;
			defaultConfigurationName = Release;
		};
		8C803E4F2414902100F06619 /* Build configuration list for PBXNativeTarget "B" */ = {
			isa = XCConfigurationList;
			buildConfigurations = (
				8C803E502414902100F06619 /* Debug */,
				8C803E512414902100F06619 /* Release */,
			);
			defaultConfigurationIsVisible = 0;
			defaultConfigurationName = Release;
		};
		8C803E5A2414902500F06619 /* Build configuration list for PBXNativeTarget "C" */ = {
			isa = XCConfigurationList;
			buildConfigurations = (
				8C803E5B2414902500F06619 /* Debug */,
				8C803E5C2414902500F06619 /* Release */,
			);
			defaultConfigurationIsVisible = 0;
			defaultConfigurationName = Release;
		};
		8C803E652414902900F06619 /* Build configuration list for PBXNativeTarget "D" */ = {
			isa = XCConfigurationList;
			buildConfigurations = (
				8C803E662414902900F06619 /* Debug */,
				8C803E672414902900F06619 /* Release */,
			);
			defaultConfigurationIsVisible = 0;
			defaultConfigurationName = Release;
		};
/* End XCConfigurationList section */
	};
	rootObject = 8C803E2A2414900300F06619 /* Project object */;
}
