// !$*UTF8*$!
{
	archiveVersion = 1;
	classes = {
	};
	objectVersion = 50;
	objects = {

/* Begin PBXBuildFile section */
		8CFDED8923A5CE7A00AA29A3 /* main.cpp in Sources */ = {isa = PBXBuildFile; fileRef = 8CFDED8823A5CE7A00AA29A3 /* main.cpp */; };
		8CFDED9623A5CE9300AA29A3 /* main.cpp in Sources */ = {isa = PBXBuildFile; fileRef = 8CFDED9523A5CE9300AA29A3 /* main.cpp */; };
		8CFDEDA123A5CE9C00AA29A3 /* main.cpp in Sources */ = {isa = PBXBuildFile; fileRef = 8CFDEDA023A5CE9C00AA29A3 /* main.cpp */; };
		8CFDEDAC23A5CEA200AA29A3 /* main.cpp in Sources */ = {isa = PBXBuildFile; fileRef = 8CFDEDAB23A5CEA200AA29A3 /* main.cpp */; };
		8CFDEDB723A5CEB000AA29A3 /* main.cpp in Sources */ = {isa = PBXBuildFile; fileRef = 8CFDEDB623A5CEB000AA29A3 /* main.cpp */; };
/* End PBXBuildFile section */

/* Begin PBXCopyFilesBuildPhase section */
		8CFDED8323A5CE7A00AA29A3 /* CopyFiles */ = {
			isa = PBXCopyFilesBuildPhase;
			buildActionMask = 2147483647;
			dstPath = /usr/share/man/man1/;
			dstSubfolderSpec = 0;
			files = (
			);
			runOnlyForDeploymentPostprocessing = 1;
		};
		8CFDED9123A5CE9300AA29A3 /* CopyFiles */ = {
			isa = PBXCopyFilesBuildPhase;
			buildActionMask = 2147483647;
			dstPath = /usr/share/man/man1/;
			dstSubfolderSpec = 0;
			files = (
			);
			runOnlyForDeploymentPostprocessing = 1;
		};
		8CFDED9C23A5CE9C00AA29A3 /* CopyFiles */ = {
			isa = PBXCopyFilesBuildPhase;
			buildActionMask = 2147483647;
			dstPath = /usr/share/man/man1/;
			dstSubfolderSpec = 0;
			files = (
			);
			runOnlyForDeploymentPostprocessing = 1;
		};
		8CFDEDA723A5CEA200AA29A3 /* CopyFiles */ = {
			isa = PBXCopyFilesBuildPhase;
			buildActionMask = 2147483647;
			dstPath = /usr/share/man/man1/;
			dstSubfolderSpec = 0;
			files = (
			);
			runOnlyForDeploymentPostprocessing = 1;
		};
		8CFDEDB223A5CEB000AA29A3 /* CopyFiles */ = {
			isa = PBXCopyFilesBuildPhase;
			buildActionMask = 2147483647;
			dstPath = /usr/share/man/man1/;
			dstSubfolderSpec = 0;
			files = (
			);
			runOnlyForDeploymentPostprocessing = 1;
		};
/* End PBXCopyFilesBuildPhase section */

/* Begin PBXFileReference section */
		8CFDED8523A5CE7A00AA29A3 /* Contest 167 */ = {isa = PBXFileReference; explicitFileType = "compiled.mach-o.executable"; includeInIndex = 0; path = "Contest 167"; sourceTree = BUILT_PRODUCTS_DIR; };
		8CFDED8823A5CE7A00AA29A3 /* main.cpp */ = {isa = PBXFileReference; lastKnownFileType = sourcecode.cpp.cpp; path = main.cpp; sourceTree = "<group>"; };
		8CFDED9323A5CE9300AA29A3 /* A */ = {isa = PBXFileReference; explicitFileType = "compiled.mach-o.executable"; includeInIndex = 0; path = A; sourceTree = BUILT_PRODUCTS_DIR; };
		8CFDED9523A5CE9300AA29A3 /* main.cpp */ = {isa = PBXFileReference; lastKnownFileType = sourcecode.cpp.cpp; path = main.cpp; sourceTree = "<group>"; };
		8CFDED9E23A5CE9C00AA29A3 /* B */ = {isa = PBXFileReference; explicitFileType = "compiled.mach-o.executable"; includeInIndex = 0; path = B; sourceTree = BUILT_PRODUCTS_DIR; };
		8CFDEDA023A5CE9C00AA29A3 /* main.cpp */ = {isa = PBXFileReference; lastKnownFileType = sourcecode.cpp.cpp; path = main.cpp; sourceTree = "<group>"; };
		8CFDEDA923A5CEA200AA29A3 /* C */ = {isa = PBXFileReference; explicitFileType = "compiled.mach-o.executable"; includeInIndex = 0; path = C; sourceTree = BUILT_PRODUCTS_DIR; };
		8CFDEDAB23A5CEA200AA29A3 /* main.cpp */ = {isa = PBXFileReference; lastKnownFileType = sourcecode.cpp.cpp; path = main.cpp; sourceTree = "<group>"; };
		8CFDEDB423A5CEB000AA29A3 /* D */ = {isa = PBXFileReference; explicitFileType = "compiled.mach-o.executable"; includeInIndex = 0; path = D; sourceTree = BUILT_PRODUCTS_DIR; };
		8CFDEDB623A5CEB000AA29A3 /* main.cpp */ = {isa = PBXFileReference; lastKnownFileType = sourcecode.cpp.cpp; path = main.cpp; sourceTree = "<group>"; };
/* End PBXFileReference section */

/* Begin PBXFrameworksBuildPhase section */
		8CFDED8223A5CE7A00AA29A3 /* Frameworks */ = {
			isa = PBXFrameworksBuildPhase;
			buildActionMask = 2147483647;
			files = (
			);
			runOnlyForDeploymentPostprocessing = 0;
		};
		8CFDED9023A5CE9300AA29A3 /* Frameworks */ = {
			isa = PBXFrameworksBuildPhase;
			buildActionMask = 2147483647;
			files = (
			);
			runOnlyForDeploymentPostprocessing = 0;
		};
		8CFDED9B23A5CE9C00AA29A3 /* Frameworks */ = {
			isa = PBXFrameworksBuildPhase;
			buildActionMask = 2147483647;
			files = (
			);
			runOnlyForDeploymentPostprocessing = 0;
		};
		8CFDEDA623A5CEA200AA29A3 /* Frameworks */ = {
			isa = PBXFrameworksBuildPhase;
			buildActionMask = 2147483647;
			files = (
			);
			runOnlyForDeploymentPostprocessing = 0;
		};
		8CFDEDB123A5CEB000AA29A3 /* Frameworks */ = {
			isa = PBXFrameworksBuildPhase;
			buildActionMask = 2147483647;
			files = (
			);
			runOnlyForDeploymentPostprocessing = 0;
		};
/* End PBXFrameworksBuildPhase section */

/* Begin PBXGroup section */
		8CFDED7C23A5CE7A00AA29A3 = {
			isa = PBXGroup;
			children = (
				8CFDED8723A5CE7A00AA29A3 /* Contest 167 */,
				8CFDED9423A5CE9300AA29A3 /* A */,
				8CFDED9F23A5CE9C00AA29A3 /* B */,
				8CFDEDAA23A5CEA200AA29A3 /* C */,
				8CFDEDB523A5CEB000AA29A3 /* D */,
				8CFDED8623A5CE7A00AA29A3 /* Products */,
			);
			sourceTree = "<group>";
		};
		8CFDED8623A5CE7A00AA29A3 /* Products */ = {
			isa = PBXGroup;
			children = (
				8CFDED8523A5CE7A00AA29A3 /* Contest 167 */,
				8CFDED9323A5CE9300AA29A3 /* A */,
				8CFDED9E23A5CE9C00AA29A3 /* B */,
				8CFDEDA923A5CEA200AA29A3 /* C */,
				8CFDEDB423A5CEB000AA29A3 /* D */,
			);
			name = Products;
			sourceTree = "<group>";
		};
		8CFDED8723A5CE7A00AA29A3 /* Contest 167 */ = {
			isa = PBXGroup;
			children = (
				8CFDED8823A5CE7A00AA29A3 /* main.cpp */,
			);
			path = "Contest 167";
			sourceTree = "<group>";
		};
		8CFDED9423A5CE9300AA29A3 /* A */ = {
			isa = PBXGroup;
			children = (
				8CFDED9523A5CE9300AA29A3 /* main.cpp */,
			);
			path = A;
			sourceTree = "<group>";
		};
		8CFDED9F23A5CE9C00AA29A3 /* B */ = {
			isa = PBXGroup;
			children = (
				8CFDEDA023A5CE9C00AA29A3 /* main.cpp */,
			);
			path = B;
			sourceTree = "<group>";
		};
		8CFDEDAA23A5CEA200AA29A3 /* C */ = {
			isa = PBXGroup;
			children = (
				8CFDEDAB23A5CEA200AA29A3 /* main.cpp */,
			);
			path = C;
			sourceTree = "<group>";
		};
		8CFDEDB523A5CEB000AA29A3 /* D */ = {
			isa = PBXGroup;
			children = (
				8CFDEDB623A5CEB000AA29A3 /* main.cpp */,
			);
			path = D;
			sourceTree = "<group>";
		};
/* End PBXGroup section */

/* Begin PBXNativeTarget section */
		8CFDED8423A5CE7A00AA29A3 /* Contest 167 */ = {
			isa = PBXNativeTarget;
			buildConfigurationList = 8CFDED8C23A5CE7A00AA29A3 /* Build configuration list for PBXNativeTarget "Contest 167" */;
			buildPhases = (
				8CFDED8123A5CE7A00AA29A3 /* Sources */,
				8CFDED8223A5CE7A00AA29A3 /* Frameworks */,
				8CFDED8323A5CE7A00AA29A3 /* CopyFiles */,
			);
			buildRules = (
			);
			dependencies = (
			);
			name = "Contest 167";
			productName = "Contest 167";
			productReference = 8CFDED8523A5CE7A00AA29A3 /* Contest 167 */;
			productType = "com.apple.product-type.tool";
		};
		8CFDED9223A5CE9300AA29A3 /* A */ = {
			isa = PBXNativeTarget;
			buildConfigurationList = 8CFDED9723A5CE9300AA29A3 /* Build configuration list for PBXNativeTarget "A" */;
			buildPhases = (
				8CFDED8F23A5CE9300AA29A3 /* Sources */,
				8CFDED9023A5CE9300AA29A3 /* Frameworks */,
				8CFDED9123A5CE9300AA29A3 /* CopyFiles */,
			);
			buildRules = (
			);
			dependencies = (
			);
			name = A;
			productName = A;
			productReference = 8CFDED9323A5CE9300AA29A3 /* A */;
			productType = "com.apple.product-type.tool";
		};
		8CFDED9D23A5CE9C00AA29A3 /* B */ = {
			isa = PBXNativeTarget;
			buildConfigurationList = 8CFDEDA223A5CE9C00AA29A3 /* Build configuration list for PBXNativeTarget "B" */;
			buildPhases = (
				8CFDED9A23A5CE9C00AA29A3 /* Sources */,
				8CFDED9B23A5CE9C00AA29A3 /* Frameworks */,
				8CFDED9C23A5CE9C00AA29A3 /* CopyFiles */,
			);
			buildRules = (
			);
			dependencies = (
			);
			name = B;
			productName = B;
			productReference = 8CFDED9E23A5CE9C00AA29A3 /* B */;
			productType = "com.apple.product-type.tool";
		};
		8CFDEDA823A5CEA200AA29A3 /* C */ = {
			isa = PBXNativeTarget;
			buildConfigurationList = 8CFDEDAD23A5CEA200AA29A3 /* Build configuration list for PBXNativeTarget "C" */;
			buildPhases = (
				8CFDEDA523A5CEA200AA29A3 /* Sources */,
				8CFDEDA623A5CEA200AA29A3 /* Frameworks */,
				8CFDEDA723A5CEA200AA29A3 /* CopyFiles */,
			);
			buildRules = (
			);
			dependencies = (
			);
			name = C;
			productName = C;
			productReference = 8CFDEDA923A5CEA200AA29A3 /* C */;
			productType = "com.apple.product-type.tool";
		};
		8CFDEDB323A5CEB000AA29A3 /* D */ = {
			isa = PBXNativeTarget;
			buildConfigurationList = 8CFDEDB823A5CEB000AA29A3 /* Build configuration list for PBXNativeTarget "D" */;
			buildPhases = (
				8CFDEDB023A5CEB000AA29A3 /* Sources */,
				8CFDEDB123A5CEB000AA29A3 /* Frameworks */,
				8CFDEDB223A5CEB000AA29A3 /* CopyFiles */,
			);
			buildRules = (
			);
			dependencies = (
			);
			name = D;
			productName = D;
			productReference = 8CFDEDB423A5CEB000AA29A3 /* D */;
			productType = "com.apple.product-type.tool";
		};
/* End PBXNativeTarget section */

/* Begin PBXProject section */
		8CFDED7D23A5CE7A00AA29A3 /* Project object */ = {
			isa = PBXProject;
			attributes = {
				LastUpgradeCheck = 1130;
				ORGANIZATIONNAME = "边俊林";
				TargetAttributes = {
					8CFDED8423A5CE7A00AA29A3 = {
						CreatedOnToolsVersion = 11.3;
					};
					8CFDED9223A5CE9300AA29A3 = {
						CreatedOnToolsVersion = 11.3;
					};
					8CFDED9D23A5CE9C00AA29A3 = {
						CreatedOnToolsVersion = 11.3;
					};
					8CFDEDA823A5CEA200AA29A3 = {
						CreatedOnToolsVersion = 11.3;
					};
					8CFDEDB323A5CEB000AA29A3 = {
						CreatedOnToolsVersion = 11.3;
					};
				};
			};
			buildConfigurationList = 8CFDED8023A5CE7A00AA29A3 /* Build configuration list for PBXProject "Contest 167" */;
			compatibilityVersion = "Xcode 9.3";
			developmentRegion = en;
			hasScannedForEncodings = 0;
			knownRegions = (
				en,
				Base,
			);
			mainGroup = 8CFDED7C23A5CE7A00AA29A3;
			productRefGroup = 8CFDED8623A5CE7A00AA29A3 /* Products */;
			projectDirPath = "";
			projectRoot = "";
			targets = (
				8CFDED8423A5CE7A00AA29A3 /* Contest 167 */,
				8CFDED9223A5CE9300AA29A3 /* A */,
				8CFDED9D23A5CE9C00AA29A3 /* B */,
				8CFDEDA823A5CEA200AA29A3 /* C */,
				8CFDEDB323A5CEB000AA29A3 /* D */,
			);
		};
/* End PBXProject section */

/* Begin PBXSourcesBuildPhase section */
		8CFDED8123A5CE7A00AA29A3 /* Sources */ = {
			isa = PBXSourcesBuildPhase;
			buildActionMask = 2147483647;
			files = (
				8CFDED8923A5CE7A00AA29A3 /* main.cpp in Sources */,
			);
			runOnlyForDeploymentPostprocessing = 0;
		};
		8CFDED8F23A5CE9300AA29A3 /* Sources */ = {
			isa = PBXSourcesBuildPhase;
			buildActionMask = 2147483647;
			files = (
				8CFDED9623A5CE9300AA29A3 /* main.cpp in Sources */,
			);
			runOnlyForDeploymentPostprocessing = 0;
		};
		8CFDED9A23A5CE9C00AA29A3 /* Sources */ = {
			isa = PBXSourcesBuildPhase;
			buildActionMask = 2147483647;
			files = (
				8CFDEDA123A5CE9C00AA29A3 /* main.cpp in Sources */,
			);
			runOnlyForDeploymentPostprocessing = 0;
		};
		8CFDEDA523A5CEA200AA29A3 /* Sources */ = {
			isa = PBXSourcesBuildPhase;
			buildActionMask = 2147483647;
			files = (
				8CFDEDAC23A5CEA200AA29A3 /* main.cpp in Sources */,
			);
			runOnlyForDeploymentPostprocessing = 0;
		};
		8CFDEDB023A5CEB000AA29A3 /* Sources */ = {
			isa = PBXSourcesBuildPhase;
			buildActionMask = 2147483647;
			files = (
				8CFDEDB723A5CEB000AA29A3 /* main.cpp in Sources */,
			);
			runOnlyForDeploymentPostprocessing = 0;
		};
/* End PBXSourcesBuildPhase section */

/* Begin XCBuildConfiguration section */
		8CFDED8A23A5CE7A00AA29A3 /* Debug */ = {
			isa = XCBuildConfiguration;
			buildSettings = {
				ALWAYS_SEARCH_USER_PATHS = NO;
				CLANG_ANALYZER_NONNULL = YES;
				CLANG_ANALYZER_NUMBER_OBJECT_CONVERSION = YES_AGGRESSIVE;
				CLANG_CXX_LANGUAGE_STANDARD = "gnu++14";
				CLANG_CXX_LIBRARY = "libc++";
				CLANG_ENABLE_MODULES = YES;
				CLANG_ENABLE_OBJC_ARC = YES;
				CLANG_ENABLE_OBJC_WEAK = YES;
				CLANG_WARN_BLOCK_CAPTURE_AUTORELEASING = YES;
				CLANG_WARN_BOOL_CONVERSION = YES;
				CLANG_WARN_COMMA = YES;
				CLANG_WARN_CONSTANT_CONVERSION = YES;
				CLANG_WARN_DEPRECATED_OBJC_IMPLEMENTATIONS = YES;
				CLANG_WARN_DIRECT_OBJC_ISA_USAGE = YES_ERROR;
				CLANG_WARN_DOCUMENTATION_COMMENTS = YES;
				CLANG_WARN_EMPTY_BODY = YES;
				CLANG_WARN_ENUM_CONVERSION = YES;
				CLANG_WARN_INFINITE_RECURSION = YES;
				CLANG_WARN_INT_CONVERSION = YES;
				CLANG_WARN_NON_LITERAL_NULL_CONVERSION = YES;
				CLANG_WARN_OBJC_IMPLICIT_RETAIN_SELF = YES;
				CLANG_WARN_OBJC_LITERAL_CONVERSION = YES;
				CLANG_WARN_OBJC_ROOT_CLASS = YES_ERROR;
				CLANG_WARN_RANGE_LOOP_ANALYSIS = YES;
				CLANG_WARN_STRICT_PROTOTYPES = YES;
				CLANG_WARN_SUSPICIOUS_MOVE = YES;
				CLANG_WARN_UNGUARDED_AVAILABILITY = YES_AGGRESSIVE;
				CLANG_WARN_UNREACHABLE_CODE = YES;
				CLANG_WARN__DUPLICATE_METHOD_MATCH = YES;
				COPY_PHASE_STRIP = NO;
				DEBUG_INFORMATION_FORMAT = dwarf;
				ENABLE_STRICT_OBJC_MSGSEND = YES;
				ENABLE_TESTABILITY = YES;
				GCC_C_LANGUAGE_STANDARD = gnu11;
				GCC_DYNAMIC_NO_PIC = NO;
				GCC_NO_COMMON_BLOCKS = YES;
				GCC_OPTIMIZATION_LEVEL = 0;
				GCC_PREPROCESSOR_DEFINITIONS = (
					"DEBUG=1",
					"$(inherited)",
				);
				GCC_WARN_64_TO_32_BIT_CONVERSION = YES;
				GCC_WARN_ABOUT_RETURN_TYPE = YES_ERROR;
				GCC_WARN_UNDECLARED_SELECTOR = YES;
				GCC_WARN_UNINITIALIZED_AUTOS = YES_AGGRESSIVE;
				GCC_WARN_UNUSED_FUNCTION = YES;
				GCC_WARN_UNUSED_VARIABLE = YES;
				MACOSX_DEPLOYMENT_TARGET = 10.15;
				MTL_ENABLE_DEBUG_INFO = INCLUDE_SOURCE;
				MTL_FAST_MATH = YES;
				ONLY_ACTIVE_ARCH = YES;
				SDKROOT = macosx;
			};
			name = Debug;
		};
		8CFDED8B23A5CE7A00AA29A3 /* Release */ = {
			isa = XCBuildConfiguration;
			buildSettings = {
				ALWAYS_SEARCH_USER_PATHS = NO;
				CLANG_ANALYZER_NONNULL = YES;
				CLANG_ANALYZER_NUMBER_OBJECT_CONVERSION = YES_AGGRESSIVE;
				CLANG_CXX_LANGUAGE_STANDARD = "gnu++14";
				CLANG_CXX_LIBRARY = "libc++";
				CLANG_ENABLE_MODULES = YES;
				CLANG_ENABLE_OBJC_ARC = YES;
				CLANG_ENABLE_OBJC_WEAK = YES;
				CLANG_WARN_BLOCK_CAPTURE_AUTORELEASING = YES;
				CLANG_WARN_BOOL_CONVERSION = YES;
				CLANG_WARN_COMMA = YES;
				CLANG_WARN_CONSTANT_CONVERSION = YES;
				CLANG_WARN_DEPRECATED_OBJC_IMPLEMENTATIONS = YES;
				CLANG_WARN_DIRECT_OBJC_ISA_USAGE = YES_ERROR;
				CLANG_WARN_DOCUMENTATION_COMMENTS = YES;
				CLANG_WARN_EMPTY_BODY = YES;
				CLANG_WARN_ENUM_CONVERSION = YES;
				CLANG_WARN_INFINITE_RECURSION = YES;
				CLANG_WARN_INT_CONVERSION = YES;
				CLANG_WARN_NON_LITERAL_NULL_CONVERSION = YES;
				CLANG_WARN_OBJC_IMPLICIT_RETAIN_SELF = YES;
				CLANG_WARN_OBJC_LITERAL_CONVERSION = YES;
				CLANG_WARN_OBJC_ROOT_CLASS = YES_ERROR;
				CLANG_WARN_RANGE_LOOP_ANALYSIS = YES;
				CLANG_WARN_STRICT_PROTOTYPES = YES;
				CLANG_WARN_SUSPICIOUS_MOVE = YES;
				CLANG_WARN_UNGUARDED_AVAILABILITY = YES_AGGRESSIVE;
				CLANG_WARN_UNREACHABLE_CODE = YES;
				CLANG_WARN__DUPLICATE_METHOD_MATCH = YES;
				COPY_PHASE_STRIP = NO;
				DEBUG_INFORMATION_FORMAT = "dwarf-with-dsym";
				ENABLE_NS_ASSERTIONS = NO;
				ENABLE_STRICT_OBJC_MSGSEND = YES;
				GCC_C_LANGUAGE_STANDARD = gnu11;
				GCC_NO_COMMON_BLOCKS = YES;
				GCC_WARN_64_TO_32_BIT_CONVERSION = YES;
				GCC_WARN_ABOUT_RETURN_TYPE = YES_ERROR;
				GCC_WARN_UNDECLARED_SELECTOR = YES;
				GCC_WARN_UNINITIALIZED_AUTOS = YES_AGGRESSIVE;
				GCC_WARN_UNUSED_FUNCTION = YES;
				GCC_WARN_UNUSED_VARIABLE = YES;
				MACOSX_DEPLOYMENT_TARGET = 10.15;
				MTL_ENABLE_DEBUG_INFO = NO;
				MTL_FAST_MATH = YES;
				SDKROOT = macosx;
			};
			name = Release;
		};
		8CFDED8D23A5CE7A00AA29A3 /* Debug */ = {
			isa = XCBuildConfiguration;
			buildSettings = {
				CODE_SIGN_STYLE = Automatic;
				PRODUCT_NAME = "$(TARGET_NAME)";
			};
			name = Debug;
		};
		8CFDED8E23A5CE7A00AA29A3 /* Release */ = {
			isa = XCBuildConfiguration;
			buildSettings = {
				CODE_SIGN_STYLE = Automatic;
				PRODUCT_NAME = "$(TARGET_NAME)";
			};
			name = Release;
		};
		8CFDED9823A5CE9300AA29A3 /* Debug */ = {
			isa = XCBuildConfiguration;
			buildSettings = {
				CODE_SIGN_STYLE = Automatic;
				PRODUCT_NAME = "$(TARGET_NAME)";
			};
			name = Debug;
		};
		8CFDED9923A5CE9300AA29A3 /* Release */ = {
			isa = XCBuildConfiguration;
			buildSettings = {
				CODE_SIGN_STYLE = Automatic;
				PRODUCT_NAME = "$(TARGET_NAME)";
			};
			name = Release;
		};
		8CFDEDA323A5CE9C00AA29A3 /* Debug */ = {
			isa = XCBuildConfiguration;
			buildSettings = {
				CODE_SIGN_STYLE = Automatic;
				PRODUCT_NAME = "$(TARGET_NAME)";
			};
			name = Debug;
		};
		8CFDEDA423A5CE9C00AA29A3 /* Release */ = {
			isa = XCBuildConfiguration;
			buildSettings = {
				CODE_SIGN_STYLE = Automatic;
				PRODUCT_NAME = "$(TARGET_NAME)";
			};
			name = Release;
		};
		8CFDEDAE23A5CEA200AA29A3 /* Debug */ = {
			isa = XCBuildConfiguration;
			buildSettings = {
				CODE_SIGN_STYLE = Automatic;
				PRODUCT_NAME = "$(TARGET_NAME)";
			};
			name = Debug;
		};
		8CFDEDAF23A5CEA200AA29A3 /* Release */ = {
			isa = XCBuildConfiguration;
			buildSettings = {
				CODE_SIGN_STYLE = Automatic;
				PRODUCT_NAME = "$(TARGET_NAME)";
			};
			name = Release;
		};
		8CFDEDB923A5CEB000AA29A3 /* Debug */ = {
			isa = XCBuildConfiguration;
			buildSettings = {
				CODE_SIGN_STYLE = Automatic;
				PRODUCT_NAME = "$(TARGET_NAME)";
			};
			name = Debug;
		};
		8CFDEDBA23A5CEB000AA29A3 /* Release */ = {
			isa = XCBuildConfiguration;
			buildSettings = {
				CODE_SIGN_STYLE = Automatic;
				PRODUCT_NAME = "$(TARGET_NAME)";
			};
			name = Release;
		};
/* End XCBuildConfiguration section */

/* Begin XCConfigurationList section */
		8CFDED8023A5CE7A00AA29A3 /* Build configuration list for PBXProject "Contest 167" */ = {
			isa = XCConfigurationList;
			buildConfigurations = (
				8CFDED8A23A5CE7A00AA29A3 /* Debug */,
				8CFDED8B23A5CE7A00AA29A3 /* Release */,
			);
			defaultConfigurationIsVisible = 0;
			defaultConfigurationName = Release;
		};
		8CFDED8C23A5CE7A00AA29A3 /* Build configuration list for PBXNativeTarget "Contest 167" */ = {
			isa = XCConfigurationList;
			buildConfigurations = (
				8CFDED8D23A5CE7A00AA29A3 /* Debug */,
				8CFDED8E23A5CE7A00AA29A3 /* Release */,
			);
			defaultConfigurationIsVisible = 0;
			defaultConfigurationName = Release;
		};
		8CFDED9723A5CE9300AA29A3 /* Build configuration list for PBXNativeTarget "A" */ = {
			isa = XCConfigurationList;
			buildConfigurations = (
				8CFDED9823A5CE9300AA29A3 /* Debug */,
				8CFDED9923A5CE9300AA29A3 /* Release */,
			);
			defaultConfigurationIsVisible = 0;
			defaultConfigurationName = Release;
		};
		8CFDEDA223A5CE9C00AA29A3 /* Build configuration list for PBXNativeTarget "B" */ = {
			isa = XCConfigurationList;
			buildConfigurations = (
				8CFDEDA323A5CE9C00AA29A3 /* Debug */,
				8CFDEDA423A5CE9C00AA29A3 /* Release */,
			);
			defaultConfigurationIsVisible = 0;
			defaultConfigurationName = Release;
		};
		8CFDEDAD23A5CEA200AA29A3 /* Build configuration list for PBXNativeTarget "C" */ = {
			isa = XCConfigurationList;
			buildConfigurations = (
				8CFDEDAE23A5CEA200AA29A3 /* Debug */,
				8CFDEDAF23A5CEA200AA29A3 /* Release */,
			);
			defaultConfigurationIsVisible = 0;
			defaultConfigurationName = Release;
		};
		8CFDEDB823A5CEB000AA29A3 /* Build configuration list for PBXNativeTarget "D" */ = {
			isa = XCConfigurationList;
			buildConfigurations = (
				8CFDEDB923A5CEB000AA29A3 /* Debug */,
				8CFDEDBA23A5CEB000AA29A3 /* Release */,
			);
			defaultConfigurationIsVisible = 0;
			defaultConfigurationName = Release;
		};
/* End XCConfigurationList section */
	};
	rootObject = 8CFDED7D23A5CE7A00AA29A3 /* Project object */;
}
