// !$*UTF8*$!
{
	archiveVersion = 1;
	classes = {
	};
	objectVersion = 50;
	objects = {

/* Begin PBXBuildFile section */
		8C0D24D7239B50E800EA796A /* main.cpp in Sources */ = {isa = PBXBuildFile; fileRef = 8C0D24D6239B50E800EA796A /* main.cpp */; };
		8C0D24E2239C040000EA796A /* main.cpp in Sources */ = {isa = PBXBuildFile; fileRef = 8C0D24E1239C040000EA796A /* main.cpp */; };
		8C0D2AA8239F4DBA00EA796A /* main.cpp in Sources */ = {isa = PBXBuildFile; fileRef = 8C0D2AA7239F4DBA00EA796A /* main.cpp */; };
		8C0D2AB3239F711100EA796A /* main.cpp in Sources */ = {isa = PBXBuildFile; fileRef = 8C0D2AB2239F711100EA796A /* main.cpp */; };
		8C63043223962A4F00B49C30 /* main.cpp in Sources */ = {isa = PBXBuildFile; fileRef = 8C63043123962A4F00B49C30 /* main.cpp */; };
		8C631417239688E300B49C30 /* main.cpp in Sources */ = {isa = PBXBuildFile; fileRef = 8C631416239688E300B49C30 /* main.cpp */; };
		8C63142223968AD400B49C30 /* main.cpp in Sources */ = {isa = PBXBuildFile; fileRef = 8C63142123968AD400B49C30 /* main.cpp */; };
		8C63142D2396975E00B49C30 /* main.cpp in Sources */ = {isa = PBXBuildFile; fileRef = 8C63142C2396975E00B49C30 /* main.cpp */; };
		8C6314382397381100B49C30 /* main.cpp in Sources */ = {isa = PBXBuildFile; fileRef = 8C6314372397381100B49C30 /* main.cpp */; };
		8C63144323973DE400B49C30 /* main.cpp in Sources */ = {isa = PBXBuildFile; fileRef = 8C63144223973DE400B49C30 /* main.cpp */; };
		8C9CEAC3237C0ECB00539290 /* main.cpp in Sources */ = {isa = PBXBuildFile; fileRef = 8C9CEAC2237C0ECB00539290 /* main.cpp */; };
		8C9CEACE237C0FFB00539290 /* main.cpp in Sources */ = {isa = PBXBuildFile; fileRef = 8C9CEACD237C0FFB00539290 /* main.cpp */; };
		8C9CEAD9237D1CFA00539290 /* main.cpp in Sources */ = {isa = PBXBuildFile; fileRef = 8C9CEAD8237D1CFA00539290 /* main.cpp */; };
		8CD0BA2B23796EBD006524CA /* main.cpp in Sources */ = {isa = PBXBuildFile; fileRef = 8CD0BA2A23796EBD006524CA /* main.cpp */; };
		8CD0BA3623796F35006524CA /* main.cpp in Sources */ = {isa = PBXBuildFile; fileRef = 8CD0BA3523796F35006524CA /* main.cpp */; };
		8CDEC8AF238BBF0F00CBF1B8 /* main.cpp in Sources */ = {isa = PBXBuildFile; fileRef = 8CDEC8AE238BBF0F00CBF1B8 /* main.cpp */; };
		8CDEC8BA238BD40600CBF1B8 /* main.cpp in Sources */ = {isa = PBXBuildFile; fileRef = 8CDEC8B9238BD40600CBF1B8 /* main.cpp */; };
		8CE2134423940B68005AE2F1 /* main.cpp in Sources */ = {isa = PBXBuildFile; fileRef = 8CE2134323940B68005AE2F1 /* main.cpp */; };
		8CE2134F2394905B005AE2F1 /* main.cpp in Sources */ = {isa = PBXBuildFile; fileRef = 8CE2134E2394905B005AE2F1 /* main.cpp */; };
		8CE2135A2394A2B7005AE2F1 /* main.cpp in Sources */ = {isa = PBXBuildFile; fileRef = 8CE213592394A2B7005AE2F1 /* main.cpp */; };
		8CE21E462395683D005AE2F1 /* main.cpp in Sources */ = {isa = PBXBuildFile; fileRef = 8CE21E452395683D005AE2F1 /* main.cpp */; };
		8CE221C4237A532000523ACA /* main.cpp in Sources */ = {isa = PBXBuildFile; fileRef = 8CE221C3237A532000523ACA /* main.cpp */; };
		8CE2FC2223934B52005AE2F1 /* main.cpp in Sources */ = {isa = PBXBuildFile; fileRef = 8CE2FC2123934B52005AE2F1 /* main.cpp */; };
/* End PBXBuildFile section */

/* Begin PBXCopyFilesBuildPhase section */
		8C0D24D2239B50E800EA796A /* CopyFiles */ = {
			isa = PBXCopyFilesBuildPhase;
			buildActionMask = 2147483647;
			dstPath = /usr/share/man/man1/;
			dstSubfolderSpec = 0;
			files = (
			);
			runOnlyForDeploymentPostprocessing = 1;
		};
		8C0D24DD239C040000EA796A /* CopyFiles */ = {
			isa = PBXCopyFilesBuildPhase;
			buildActionMask = 2147483647;
			dstPath = /usr/share/man/man1/;
			dstSubfolderSpec = 0;
			files = (
			);
			runOnlyForDeploymentPostprocessing = 1;
		};
		8C0D2AA3239F4DBA00EA796A /* CopyFiles */ = {
			isa = PBXCopyFilesBuildPhase;
			buildActionMask = 2147483647;
			dstPath = /usr/share/man/man1/;
			dstSubfolderSpec = 0;
			files = (
			);
			runOnlyForDeploymentPostprocessing = 1;
		};
		8C0D2AAE239F711100EA796A /* CopyFiles */ = {
			isa = PBXCopyFilesBuildPhase;
			buildActionMask = 2147483647;
			dstPath = /usr/share/man/man1/;
			dstSubfolderSpec = 0;
			files = (
			);
			runOnlyForDeploymentPostprocessing = 1;
		};
		8C63042D23962A4F00B49C30 /* CopyFiles */ = {
			isa = PBXCopyFilesBuildPhase;
			buildActionMask = 2147483647;
			dstPath = /usr/share/man/man1/;
			dstSubfolderSpec = 0;
			files = (
			);
			runOnlyForDeploymentPostprocessing = 1;
		};
		8C631412239688E300B49C30 /* CopyFiles */ = {
			isa = PBXCopyFilesBuildPhase;
			buildActionMask = 2147483647;
			dstPath = /usr/share/man/man1/;
			dstSubfolderSpec = 0;
			files = (
			);
			runOnlyForDeploymentPostprocessing = 1;
		};
		8C63141D23968AD400B49C30 /* CopyFiles */ = {
			isa = PBXCopyFilesBuildPhase;
			buildActionMask = 2147483647;
			dstPath = /usr/share/man/man1/;
			dstSubfolderSpec = 0;
			files = (
			);
			runOnlyForDeploymentPostprocessing = 1;
		};
		8C6314282396975E00B49C30 /* CopyFiles */ = {
			isa = PBXCopyFilesBuildPhase;
			buildActionMask = 2147483647;
			dstPath = /usr/share/man/man1/;
			dstSubfolderSpec = 0;
			files = (
			);
			runOnlyForDeploymentPostprocessing = 1;
		};
		8C6314332397381100B49C30 /* CopyFiles */ = {
			isa = PBXCopyFilesBuildPhase;
			buildActionMask = 2147483647;
			dstPath = /usr/share/man/man1/;
			dstSubfolderSpec = 0;
			files = (
			);
			runOnlyForDeploymentPostprocessing = 1;
		};
		8C63143E23973DE400B49C30 /* CopyFiles */ = {
			isa = PBXCopyFilesBuildPhase;
			buildActionMask = 2147483647;
			dstPath = /usr/share/man/man1/;
			dstSubfolderSpec = 0;
			files = (
			);
			runOnlyForDeploymentPostprocessing = 1;
		};
		8C9CEABE237C0ECB00539290 /* CopyFiles */ = {
			isa = PBXCopyFilesBuildPhase;
			buildActionMask = 2147483647;
			dstPath = /usr/share/man/man1/;
			dstSubfolderSpec = 0;
			files = (
			);
			runOnlyForDeploymentPostprocessing = 1;
		};
		8C9CEAC9237C0FFB00539290 /* CopyFiles */ = {
			isa = PBXCopyFilesBuildPhase;
			buildActionMask = 2147483647;
			dstPath = /usr/share/man/man1/;
			dstSubfolderSpec = 0;
			files = (
			);
			runOnlyForDeploymentPostprocessing = 1;
		};
		8C9CEAD4237D1CF900539290 /* CopyFiles */ = {
			isa = PBXCopyFilesBuildPhase;
			buildActionMask = 2147483647;
			dstPath = /usr/share/man/man1/;
			dstSubfolderSpec = 0;
			files = (
			);
			runOnlyForDeploymentPostprocessing = 1;
		};
		8CD0BA2623796EBD006524CA /* CopyFiles */ = {
			isa = PBXCopyFilesBuildPhase;
			buildActionMask = 2147483647;
			dstPath = /usr/share/man/man1/;
			dstSubfolderSpec = 0;
			files = (
			);
			runOnlyForDeploymentPostprocessing = 1;
		};
		8CD0BA3123796F35006524CA /* CopyFiles */ = {
			isa = PBXCopyFilesBuildPhase;
			buildActionMask = 2147483647;
			dstPath = /usr/share/man/man1/;
			dstSubfolderSpec = 0;
			files = (
			);
			runOnlyForDeploymentPostprocessing = 1;
		};
		8CDEC8AA238BBF0F00CBF1B8 /* CopyFiles */ = {
			isa = PBXCopyFilesBuildPhase;
			buildActionMask = 2147483647;
			dstPath = /usr/share/man/man1/;
			dstSubfolderSpec = 0;
			files = (
			);
			runOnlyForDeploymentPostprocessing = 1;
		};
		8CDEC8B5238BD40600CBF1B8 /* CopyFiles */ = {
			isa = PBXCopyFilesBuildPhase;
			buildActionMask = 2147483647;
			dstPath = /usr/share/man/man1/;
			dstSubfolderSpec = 0;
			files = (
			);
			runOnlyForDeploymentPostprocessing = 1;
		};
		8CE2133F23940B68005AE2F1 /* CopyFiles */ = {
			isa = PBXCopyFilesBuildPhase;
			buildActionMask = 2147483647;
			dstPath = /usr/share/man/man1/;
			dstSubfolderSpec = 0;
			files = (
			);
			runOnlyForDeploymentPostprocessing = 1;
		};
		8CE2134A2394905B005AE2F1 /* CopyFiles */ = {
			isa = PBXCopyFilesBuildPhase;
			buildActionMask = 2147483647;
			dstPath = /usr/share/man/man1/;
			dstSubfolderSpec = 0;
			files = (
			);
			runOnlyForDeploymentPostprocessing = 1;
		};
		8CE213552394A2B7005AE2F1 /* CopyFiles */ = {
			isa = PBXCopyFilesBuildPhase;
			buildActionMask = 2147483647;
			dstPath = /usr/share/man/man1/;
			dstSubfolderSpec = 0;
			files = (
			);
			runOnlyForDeploymentPostprocessing = 1;
		};
		8CE21E412395683D005AE2F1 /* CopyFiles */ = {
			isa = PBXCopyFilesBuildPhase;
			buildActionMask = 2147483647;
			dstPath = /usr/share/man/man1/;
			dstSubfolderSpec = 0;
			files = (
			);
			runOnlyForDeploymentPostprocessing = 1;
		};
		8CE221BF237A532000523ACA /* CopyFiles */ = {
			isa = PBXCopyFilesBuildPhase;
			buildActionMask = 2147483647;
			dstPath = /usr/share/man/man1/;
			dstSubfolderSpec = 0;
			files = (
			);
			runOnlyForDeploymentPostprocessing = 1;
		};
		8CE2FC1D23934B52005AE2F1 /* CopyFiles */ = {
			isa = PBXCopyFilesBuildPhase;
			buildActionMask = 2147483647;
			dstPath = /usr/share/man/man1/;
			dstSubfolderSpec = 0;
			files = (
			);
			runOnlyForDeploymentPostprocessing = 1;
		};
/* End PBXCopyFilesBuildPhase section */

/* Begin PBXFileReference section */
		8C0D24D4239B50E800EA796A /* 1059. All Paths from Source Lead to Destination */ = {isa = PBXFileReference; explicitFileType = "compiled.mach-o.executable"; includeInIndex = 0; path = "1059. All Paths from Source Lead to Destination"; sourceTree = BUILT_PRODUCTS_DIR; };
		8C0D24D6239B50E800EA796A /* main.cpp */ = {isa = PBXFileReference; lastKnownFileType = sourcecode.cpp.cpp; path = main.cpp; sourceTree = "<group>"; };
		8C0D24DF239C040000EA796A /* 1102. Path With Maximum Minimum Value */ = {isa = PBXFileReference; explicitFileType = "compiled.mach-o.executable"; includeInIndex = 0; path = "1102. Path With Maximum Minimum Value"; sourceTree = BUILT_PRODUCTS_DIR; };
		8C0D24E1239C040000EA796A /* main.cpp */ = {isa = PBXFileReference; lastKnownFileType = sourcecode.cpp.cpp; path = main.cpp; sourceTree = "<group>"; };
		8C0D2AA5239F4DBA00EA796A /* 1129. Shortest Path with Alternating Colors */ = {isa = PBXFileReference; explicitFileType = "compiled.mach-o.executable"; includeInIndex = 0; path = "1129. Shortest Path with Alternating Colors"; sourceTree = BUILT_PRODUCTS_DIR; };
		8C0D2AA7239F4DBA00EA796A /* main.cpp */ = {isa = PBXFileReference; lastKnownFileType = sourcecode.cpp.cpp; path = main.cpp; sourceTree = "<group>"; };
		8C0D2AB0239F711100EA796A /* 1135. Connecting Cities With Minimum Cost */ = {isa = PBXFileReference; explicitFileType = "compiled.mach-o.executable"; includeInIndex = 0; path = "1135. Connecting Cities With Minimum Cost"; sourceTree = BUILT_PRODUCTS_DIR; };
		8C0D2AB2239F711100EA796A /* main.cpp */ = {isa = PBXFileReference; lastKnownFileType = sourcecode.cpp.cpp; path = main.cpp; sourceTree = "<group>"; };
		8C63042F23962A4F00B49C30 /* 959. Regions Cut By Slashes */ = {isa = PBXFileReference; explicitFileType = "compiled.mach-o.executable"; includeInIndex = 0; path = "959. Regions Cut By Slashes"; sourceTree = BUILT_PRODUCTS_DIR; };
		8C63043123962A4F00B49C30 /* main.cpp */ = {isa = PBXFileReference; lastKnownFileType = sourcecode.cpp.cpp; path = main.cpp; sourceTree = "<group>"; };
		8C631414239688E300B49C30 /* 990. Satisfiability of Equality Equations */ = {isa = PBXFileReference; explicitFileType = "compiled.mach-o.executable"; includeInIndex = 0; path = "990. Satisfiability of Equality Equations"; sourceTree = BUILT_PRODUCTS_DIR; };
		8C631416239688E300B49C30 /* main.cpp */ = {isa = PBXFileReference; lastKnownFileType = sourcecode.cpp.cpp; path = main.cpp; sourceTree = "<group>"; };
		8C63141F23968AD400B49C30 /* 996. Number of Squareful Arrays */ = {isa = PBXFileReference; explicitFileType = "compiled.mach-o.executable"; includeInIndex = 0; path = "996. Number of Squareful Arrays"; sourceTree = BUILT_PRODUCTS_DIR; };
		8C63142123968AD400B49C30 /* main.cpp */ = {isa = PBXFileReference; lastKnownFileType = sourcecode.cpp.cpp; path = main.cpp; sourceTree = "<group>"; };
		8C63142A2396975E00B49C30 /* 997. Find the Town Judge */ = {isa = PBXFileReference; explicitFileType = "compiled.mach-o.executable"; includeInIndex = 0; path = "997. Find the Town Judge"; sourceTree = BUILT_PRODUCTS_DIR; };
		8C63142C2396975E00B49C30 /* main.cpp */ = {isa = PBXFileReference; lastKnownFileType = sourcecode.cpp.cpp; path = main.cpp; sourceTree = "<group>"; };
		8C6314352397381100B49C30 /* 1042. Flower Planting With No Adjacent */ = {isa = PBXFileReference; explicitFileType = "compiled.mach-o.executable"; includeInIndex = 0; path = "1042. Flower Planting With No Adjacent"; sourceTree = BUILT_PRODUCTS_DIR; };
		8C6314372397381100B49C30 /* main.cpp */ = {isa = PBXFileReference; lastKnownFileType = sourcecode.cpp.cpp; path = main.cpp; sourceTree = "<group>"; };
		8C63144023973DE400B49C30 /* 1043. Partition Array for Maximum Sum */ = {isa = PBXFileReference; explicitFileType = "compiled.mach-o.executable"; includeInIndex = 0; path = "1043. Partition Array for Maximum Sum"; sourceTree = BUILT_PRODUCTS_DIR; };
		8C63144223973DE400B49C30 /* main.cpp */ = {isa = PBXFileReference; lastKnownFileType = sourcecode.cpp.cpp; path = main.cpp; sourceTree = "<group>"; };
		8C9CEAC0237C0ECB00539290 /* 133. Clone Graph */ = {isa = PBXFileReference; explicitFileType = "compiled.mach-o.executable"; includeInIndex = 0; path = "133. Clone Graph"; sourceTree = BUILT_PRODUCTS_DIR; };
		8C9CEAC2237C0ECB00539290 /* main.cpp */ = {isa = PBXFileReference; lastKnownFileType = sourcecode.cpp.cpp; path = main.cpp; sourceTree = "<group>"; };
		8C9CEACB237C0FFB00539290 /* 310. Minimum Height Trees */ = {isa = PBXFileReference; explicitFileType = "compiled.mach-o.executable"; includeInIndex = 0; path = "310. Minimum Height Trees"; sourceTree = BUILT_PRODUCTS_DIR; };
		8C9CEACD237C0FFB00539290 /* main.cpp */ = {isa = PBXFileReference; lastKnownFileType = sourcecode.cpp.cpp; path = main.cpp; sourceTree = "<group>"; };
		8C9CEAD6237D1CF900539290 /* 332. Reconstruct Itinerary */ = {isa = PBXFileReference; explicitFileType = "compiled.mach-o.executable"; includeInIndex = 0; path = "332. Reconstruct Itinerary"; sourceTree = BUILT_PRODUCTS_DIR; };
		8C9CEAD8237D1CFA00539290 /* main.cpp */ = {isa = PBXFileReference; lastKnownFileType = sourcecode.cpp.cpp; path = main.cpp; sourceTree = "<group>"; };
		8CD0BA2823796EBD006524CA /* Template */ = {isa = PBXFileReference; explicitFileType = "compiled.mach-o.executable"; includeInIndex = 0; path = Template; sourceTree = BUILT_PRODUCTS_DIR; };
		8CD0BA2A23796EBD006524CA /* main.cpp */ = {isa = PBXFileReference; lastKnownFileType = sourcecode.cpp.cpp; path = main.cpp; sourceTree = "<group>"; };
		8CD0BA3323796F35006524CA /* 785. Is Graph Bipartite? */ = {isa = PBXFileReference; explicitFileType = "compiled.mach-o.executable"; includeInIndex = 0; path = "785. Is Graph Bipartite?"; sourceTree = BUILT_PRODUCTS_DIR; };
		8CD0BA3523796F35006524CA /* main.cpp */ = {isa = PBXFileReference; lastKnownFileType = sourcecode.cpp.cpp; path = main.cpp; sourceTree = "<group>"; };
		8CDEC8AC238BBF0F00CBF1B8 /* 684. Redundant Connection */ = {isa = PBXFileReference; explicitFileType = "compiled.mach-o.executable"; includeInIndex = 0; path = "684. Redundant Connection"; sourceTree = BUILT_PRODUCTS_DIR; };
		8CDEC8AE238BBF0F00CBF1B8 /* main.cpp */ = {isa = PBXFileReference; lastKnownFileType = sourcecode.cpp.cpp; path = main.cpp; sourceTree = "<group>"; };
		8CDEC8B7238BD40600CBF1B8 /* 685. Redundant Connection II */ = {isa = PBXFileReference; explicitFileType = "compiled.mach-o.executable"; includeInIndex = 0; path = "685. Redundant Connection II"; sourceTree = BUILT_PRODUCTS_DIR; };
		8CDEC8B9238BD40600CBF1B8 /* main.cpp */ = {isa = PBXFileReference; lastKnownFileType = sourcecode.cpp.cpp; path = main.cpp; sourceTree = "<group>"; };
		8CE2134123940B68005AE2F1 /* 839. Similar String Groups */ = {isa = PBXFileReference; explicitFileType = "compiled.mach-o.executable"; includeInIndex = 0; path = "839. Similar String Groups"; sourceTree = BUILT_PRODUCTS_DIR; };
		8CE2134323940B68005AE2F1 /* main.cpp */ = {isa = PBXFileReference; lastKnownFileType = sourcecode.cpp.cpp; path = main.cpp; sourceTree = "<group>"; };
		8CE2134C2394905B005AE2F1 /* 841. Keys and Rooms */ = {isa = PBXFileReference; explicitFileType = "compiled.mach-o.executable"; includeInIndex = 0; path = "841. Keys and Rooms"; sourceTree = BUILT_PRODUCTS_DIR; };
		8CE2134E2394905B005AE2F1 /* main.cpp */ = {isa = PBXFileReference; lastKnownFileType = sourcecode.cpp.cpp; path = main.cpp; sourceTree = "<group>"; };
		8CE213572394A2B7005AE2F1 /* 854. K-Similar Strings */ = {isa = PBXFileReference; explicitFileType = "compiled.mach-o.executable"; includeInIndex = 0; path = "854. K-Similar Strings"; sourceTree = BUILT_PRODUCTS_DIR; };
		8CE213592394A2B7005AE2F1 /* main.cpp */ = {isa = PBXFileReference; lastKnownFileType = sourcecode.cpp.cpp; path = main.cpp; sourceTree = "<group>"; };
		8CE21E432395683D005AE2F1 /* 928. Minimize Malware Spread II */ = {isa = PBXFileReference; explicitFileType = "compiled.mach-o.executable"; includeInIndex = 0; path = "928. Minimize Malware Spread II"; sourceTree = BUILT_PRODUCTS_DIR; };
		8CE21E452395683D005AE2F1 /* main.cpp */ = {isa = PBXFileReference; lastKnownFileType = sourcecode.cpp.cpp; path = main.cpp; sourceTree = "<group>"; };
		8CE221C1237A532000523ACA /* 886. Possible Bipartition */ = {isa = PBXFileReference; explicitFileType = "compiled.mach-o.executable"; includeInIndex = 0; path = "886. Possible Bipartition"; sourceTree = BUILT_PRODUCTS_DIR; };
		8CE221C3237A532000523ACA /* main.cpp */ = {isa = PBXFileReference; lastKnownFileType = sourcecode.cpp.cpp; path = main.cpp; sourceTree = "<group>"; };
		8CE2FC1F23934B52005AE2F1 /* 802. Find Eventual Safe States */ = {isa = PBXFileReference; explicitFileType = "compiled.mach-o.executable"; includeInIndex = 0; path = "802. Find Eventual Safe States"; sourceTree = BUILT_PRODUCTS_DIR; };
		8CE2FC2123934B52005AE2F1 /* main.cpp */ = {isa = PBXFileReference; lastKnownFileType = sourcecode.cpp.cpp; path = main.cpp; sourceTree = "<group>"; };
/* End PBXFileReference section */

/* Begin PBXFrameworksBuildPhase section */
		8C0D24D1239B50E800EA796A /* Frameworks */ = {
			isa = PBXFrameworksBuildPhase;
			buildActionMask = 2147483647;
			files = (
			);
			runOnlyForDeploymentPostprocessing = 0;
		};
		8C0D24DC239C040000EA796A /* Frameworks */ = {
			isa = PBXFrameworksBuildPhase;
			buildActionMask = 2147483647;
			files = (
			);
			runOnlyForDeploymentPostprocessing = 0;
		};
		8C0D2AA2239F4DBA00EA796A /* Frameworks */ = {
			isa = PBXFrameworksBuildPhase;
			buildActionMask = 2147483647;
			files = (
			);
			runOnlyForDeploymentPostprocessing = 0;
		};
		8C0D2AAD239F711100EA796A /* Frameworks */ = {
			isa = PBXFrameworksBuildPhase;
			buildActionMask = 2147483647;
			files = (
			);
			runOnlyForDeploymentPostprocessing = 0;
		};
		8C63042C23962A4F00B49C30 /* Frameworks */ = {
			isa = PBXFrameworksBuildPhase;
			buildActionMask = 2147483647;
			files = (
			);
			runOnlyForDeploymentPostprocessing = 0;
		};
		8C631411239688E300B49C30 /* Frameworks */ = {
			isa = PBXFrameworksBuildPhase;
			buildActionMask = 2147483647;
			files = (
			);
			runOnlyForDeploymentPostprocessing = 0;
		};
		8C63141C23968AD400B49C30 /* Frameworks */ = {
			isa = PBXFrameworksBuildPhase;
			buildActionMask = 2147483647;
			files = (
			);
			runOnlyForDeploymentPostprocessing = 0;
		};
		8C6314272396975E00B49C30 /* Frameworks */ = {
			isa = PBXFrameworksBuildPhase;
			buildActionMask = 2147483647;
			files = (
			);
			runOnlyForDeploymentPostprocessing = 0;
		};
		8C6314322397381100B49C30 /* Frameworks */ = {
			isa = PBXFrameworksBuildPhase;
			buildActionMask = 2147483647;
			files = (
			);
			runOnlyForDeploymentPostprocessing = 0;
		};
		8C63143D23973DE400B49C30 /* Frameworks */ = {
			isa = PBXFrameworksBuildPhase;
			buildActionMask = 2147483647;
			files = (
			);
			runOnlyForDeploymentPostprocessing = 0;
		};
		8C9CEABD237C0ECB00539290 /* Frameworks */ = {
			isa = PBXFrameworksBuildPhase;
			buildActionMask = 2147483647;
			files = (
			);
			runOnlyForDeploymentPostprocessing = 0;
		};
		8C9CEAC8237C0FFB00539290 /* Frameworks */ = {
			isa = PBXFrameworksBuildPhase;
			buildActionMask = 2147483647;
			files = (
			);
			runOnlyForDeploymentPostprocessing = 0;
		};
		8C9CEAD3237D1CF900539290 /* Frameworks */ = {
			isa = PBXFrameworksBuildPhase;
			buildActionMask = 2147483647;
			files = (
			);
			runOnlyForDeploymentPostprocessing = 0;
		};
		8CD0BA2523796EBD006524CA /* Frameworks */ = {
			isa = PBXFrameworksBuildPhase;
			buildActionMask = 2147483647;
			files = (
			);
			runOnlyForDeploymentPostprocessing = 0;
		};
		8CD0BA3023796F35006524CA /* Frameworks */ = {
			isa = PBXFrameworksBuildPhase;
			buildActionMask = 2147483647;
			files = (
			);
			runOnlyForDeploymentPostprocessing = 0;
		};
		8CDEC8A9238BBF0F00CBF1B8 /* Frameworks */ = {
			isa = PBXFrameworksBuildPhase;
			buildActionMask = 2147483647;
			files = (
			);
			runOnlyForDeploymentPostprocessing = 0;
		};
		8CDEC8B4238BD40600CBF1B8 /* Frameworks */ = {
			isa = PBXFrameworksBuildPhase;
			buildActionMask = 2147483647;
			files = (
			);
			runOnlyForDeploymentPostprocessing = 0;
		};
		8CE2133E23940B68005AE2F1 /* Frameworks */ = {
			isa = PBXFrameworksBuildPhase;
			buildActionMask = 2147483647;
			files = (
			);
			runOnlyForDeploymentPostprocessing = 0;
		};
		8CE213492394905B005AE2F1 /* Frameworks */ = {
			isa = PBXFrameworksBuildPhase;
			buildActionMask = 2147483647;
			files = (
			);
			runOnlyForDeploymentPostprocessing = 0;
		};
		8CE213542394A2B7005AE2F1 /* Frameworks */ = {
			isa = PBXFrameworksBuildPhase;
			buildActionMask = 2147483647;
			files = (
			);
			runOnlyForDeploymentPostprocessing = 0;
		};
		8CE21E402395683D005AE2F1 /* Frameworks */ = {
			isa = PBXFrameworksBuildPhase;
			buildActionMask = 2147483647;
			files = (
			);
			runOnlyForDeploymentPostprocessing = 0;
		};
		8CE221BE237A532000523ACA /* Frameworks */ = {
			isa = PBXFrameworksBuildPhase;
			buildActionMask = 2147483647;
			files = (
			);
			runOnlyForDeploymentPostprocessing = 0;
		};
		8CE2FC1C23934B52005AE2F1 /* Frameworks */ = {
			isa = PBXFrameworksBuildPhase;
			buildActionMask = 2147483647;
			files = (
			);
			runOnlyForDeploymentPostprocessing = 0;
		};
/* End PBXFrameworksBuildPhase section */

/* Begin PBXGroup section */
		8C0D24D5239B50E800EA796A /* 1059. All Paths from Source Lead to Destination */ = {
			isa = PBXGroup;
			children = (
				8C0D24D6239B50E800EA796A /* main.cpp */,
			);
			path = "1059. All Paths from Source Lead to Destination";
			sourceTree = "<group>";
		};
		8C0D24E0239C040000EA796A /* 1102. Path With Maximum Minimum Value */ = {
			isa = PBXGroup;
			children = (
				8C0D24E1239C040000EA796A /* main.cpp */,
			);
			path = "1102. Path With Maximum Minimum Value";
			sourceTree = "<group>";
		};
		8C0D2AA6239F4DBA00EA796A /* 1129. Shortest Path with Alternating Colors */ = {
			isa = PBXGroup;
			children = (
				8C0D2AA7239F4DBA00EA796A /* main.cpp */,
			);
			path = "1129. Shortest Path with Alternating Colors";
			sourceTree = "<group>";
		};
		8C0D2AB1239F711100EA796A /* 1135. Connecting Cities With Minimum Cost */ = {
			isa = PBXGroup;
			children = (
				8C0D2AB2239F711100EA796A /* main.cpp */,
			);
			path = "1135. Connecting Cities With Minimum Cost";
			sourceTree = "<group>";
		};
		8C63043023962A4F00B49C30 /* 959. Regions Cut By Slashes */ = {
			isa = PBXGroup;
			children = (
				8C63043123962A4F00B49C30 /* main.cpp */,
			);
			path = "959. Regions Cut By Slashes";
			sourceTree = "<group>";
		};
		8C631415239688E300B49C30 /* 990. Satisfiability of Equality Equations */ = {
			isa = PBXGroup;
			children = (
				8C631416239688E300B49C30 /* main.cpp */,
			);
			path = "990. Satisfiability of Equality Equations";
			sourceTree = "<group>";
		};
		8C63142023968AD400B49C30 /* 996. Number of Squareful Arrays */ = {
			isa = PBXGroup;
			children = (
				8C63142123968AD400B49C30 /* main.cpp */,
			);
			path = "996. Number of Squareful Arrays";
			sourceTree = "<group>";
		};
		8C63142B2396975E00B49C30 /* 997. Find the Town Judge */ = {
			isa = PBXGroup;
			children = (
				8C63142C2396975E00B49C30 /* main.cpp */,
			);
			path = "997. Find the Town Judge";
			sourceTree = "<group>";
		};
		8C6314362397381100B49C30 /* 1042. Flower Planting With No Adjacent */ = {
			isa = PBXGroup;
			children = (
				8C6314372397381100B49C30 /* main.cpp */,
			);
			path = "1042. Flower Planting With No Adjacent";
			sourceTree = "<group>";
		};
		8C63144123973DE400B49C30 /* 1043. Partition Array for Maximum Sum */ = {
			isa = PBXGroup;
			children = (
				8C63144223973DE400B49C30 /* main.cpp */,
			);
			path = "1043. Partition Array for Maximum Sum";
			sourceTree = "<group>";
		};
		8C9CEAC1237C0ECB00539290 /* 133. Clone Graph */ = {
			isa = PBXGroup;
			children = (
				8C9CEAC2237C0ECB00539290 /* main.cpp */,
			);
			path = "133. Clone Graph";
			sourceTree = "<group>";
		};
		8C9CEACC237C0FFB00539290 /* 310. Minimum Height Trees */ = {
			isa = PBXGroup;
			children = (
				8C9CEACD237C0FFB00539290 /* main.cpp */,
			);
			path = "310. Minimum Height Trees";
			sourceTree = "<group>";
		};
		8C9CEAD7237D1CFA00539290 /* 332. Reconstruct Itinerary */ = {
			isa = PBXGroup;
			children = (
				8C9CEAD8237D1CFA00539290 /* main.cpp */,
			);
			path = "332. Reconstruct Itinerary";
			sourceTree = "<group>";
		};
		8CD0BA1123796E56006524CA = {
			isa = PBXGroup;
			children = (
				8CD0BA2923796EBD006524CA /* Template */,
				8CD0BA3423796F35006524CA /* 785. Is Graph Bipartite? */,
				8CE221C2237A532000523ACA /* 886. Possible Bipartition */,
				8C9CEAC1237C0ECB00539290 /* 133. Clone Graph */,
				8C9CEACC237C0FFB00539290 /* 310. Minimum Height Trees */,
				8C9CEAD7237D1CFA00539290 /* 332. Reconstruct Itinerary */,
				8CDEC8AD238BBF0F00CBF1B8 /* 684. Redundant Connection */,
				8CDEC8B8238BD40600CBF1B8 /* 685. Redundant Connection II */,
				8CE2FC2023934B52005AE2F1 /* 802. Find Eventual Safe States */,
				8CE2134223940B68005AE2F1 /* 839. Similar String Groups */,
				8CE2134D2394905B005AE2F1 /* 841. Keys and Rooms */,
				8CE213582394A2B7005AE2F1 /* 854. K-Similar Strings */,
				8CE21E442395683D005AE2F1 /* 928. Minimize Malware Spread II */,
				8C63043023962A4F00B49C30 /* 959. Regions Cut By Slashes */,
				8C631415239688E300B49C30 /* 990. Satisfiability of Equality Equations */,
				8C63142023968AD400B49C30 /* 996. Number of Squareful Arrays */,
				8C63142B2396975E00B49C30 /* 997. Find the Town Judge */,
				8C6314362397381100B49C30 /* 1042. Flower Planting With No Adjacent */,
				8C63144123973DE400B49C30 /* 1043. Partition Array for Maximum Sum */,
				8C0D24D5239B50E800EA796A /* 1059. All Paths from Source Lead to Destination */,
				8C0D24E0239C040000EA796A /* 1102. Path With Maximum Minimum Value */,
				8C0D2AA6239F4DBA00EA796A /* 1129. Shortest Path with Alternating Colors */,
				8C0D2AB1239F711100EA796A /* 1135. Connecting Cities With Minimum Cost */,
				8CD0BA1B23796E56006524CA /* Products */,
			);
			sourceTree = "<group>";
		};
		8CD0BA1B23796E56006524CA /* Products */ = {
			isa = PBXGroup;
			children = (
				8CD0BA2823796EBD006524CA /* Template */,
				8CD0BA3323796F35006524CA /* 785. Is Graph Bipartite? */,
				8CE221C1237A532000523ACA /* 886. Possible Bipartition */,
				8C9CEAC0237C0ECB00539290 /* 133. Clone Graph */,
				8C9CEACB237C0FFB00539290 /* 310. Minimum Height Trees */,
				8C9CEAD6237D1CF900539290 /* 332. Reconstruct Itinerary */,
				8CDEC8AC238BBF0F00CBF1B8 /* 684. Redundant Connection */,
				8CDEC8B7238BD40600CBF1B8 /* 685. Redundant Connection II */,
				8CE2FC1F23934B52005AE2F1 /* 802. Find Eventual Safe States */,
				8CE2134123940B68005AE2F1 /* 839. Similar String Groups */,
				8CE2134C2394905B005AE2F1 /* 841. Keys and Rooms */,
				8CE213572394A2B7005AE2F1 /* 854. K-Similar Strings */,
				8CE21E432395683D005AE2F1 /* 928. Minimize Malware Spread II */,
				8C63042F23962A4F00B49C30 /* 959. Regions Cut By Slashes */,
				8C631414239688E300B49C30 /* 990. Satisfiability of Equality Equations */,
				8C63141F23968AD400B49C30 /* 996. Number of Squareful Arrays */,
				8C63142A2396975E00B49C30 /* 997. Find the Town Judge */,
				8C6314352397381100B49C30 /* 1042. Flower Planting With No Adjacent */,
				8C63144023973DE400B49C30 /* 1043. Partition Array for Maximum Sum */,
				8C0D24D4239B50E800EA796A /* 1059. All Paths from Source Lead to Destination */,
				8C0D24DF239C040000EA796A /* 1102. Path With Maximum Minimum Value */,
				8C0D2AA5239F4DBA00EA796A /* 1129. Shortest Path with Alternating Colors */,
				8C0D2AB0239F711100EA796A /* 1135. Connecting Cities With Minimum Cost */,
			);
			name = Products;
			sourceTree = "<group>";
		};
		8CD0BA2923796EBD006524CA /* Template */ = {
			isa = PBXGroup;
			children = (
				8CD0BA2A23796EBD006524CA /* main.cpp */,
			);
			path = Template;
			sourceTree = "<group>";
		};
		8CD0BA3423796F35006524CA /* 785. Is Graph Bipartite? */ = {
			isa = PBXGroup;
			children = (
				8CD0BA3523796F35006524CA /* main.cpp */,
			);
			path = "785. Is Graph Bipartite?";
			sourceTree = "<group>";
		};
		8CDEC8AD238BBF0F00CBF1B8 /* 684. Redundant Connection */ = {
			isa = PBXGroup;
			children = (
				8CDEC8AE238BBF0F00CBF1B8 /* main.cpp */,
			);
			path = "684. Redundant Connection";
			sourceTree = "<group>";
		};
		8CDEC8B8238BD40600CBF1B8 /* 685. Redundant Connection II */ = {
			isa = PBXGroup;
			children = (
				8CDEC8B9238BD40600CBF1B8 /* main.cpp */,
			);
			path = "685. Redundant Connection II";
			sourceTree = "<group>";
		};
		8CE2134223940B68005AE2F1 /* 839. Similar String Groups */ = {
			isa = PBXGroup;
			children = (
				8CE2134323940B68005AE2F1 /* main.cpp */,
			);
			path = "839. Similar String Groups";
			sourceTree = "<group>";
		};
		8CE2134D2394905B005AE2F1 /* 841. Keys and Rooms */ = {
			isa = PBXGroup;
			children = (
				8CE2134E2394905B005AE2F1 /* main.cpp */,
			);
			path = "841. Keys and Rooms";
			sourceTree = "<group>";
		};
		8CE213582394A2B7005AE2F1 /* 854. K-Similar Strings */ = {
			isa = PBXGroup;
			children = (
				8CE213592394A2B7005AE2F1 /* main.cpp */,
			);
			path = "854. K-Similar Strings";
			sourceTree = "<group>";
		};
		8CE21E442395683D005AE2F1 /* 928. Minimize Malware Spread II */ = {
			isa = PBXGroup;
			children = (
				8CE21E452395683D005AE2F1 /* main.cpp */,
			);
			path = "928. Minimize Malware Spread II";
			sourceTree = "<group>";
		};
		8CE221C2237A532000523ACA /* 886. Possible Bipartition */ = {
			isa = PBXGroup;
			children = (
				8CE221C3237A532000523ACA /* main.cpp */,
			);
			path = "886. Possible Bipartition";
			sourceTree = "<group>";
		};
		8CE2FC2023934B52005AE2F1 /* 802. Find Eventual Safe States */ = {
			isa = PBXGroup;
			children = (
				8CE2FC2123934B52005AE2F1 /* main.cpp */,
			);
			path = "802. Find Eventual Safe States";
			sourceTree = "<group>";
		};
/* End PBXGroup section */

/* Begin PBXNativeTarget section */
		8C0D24D3239B50E800EA796A /* 1059. All Paths from Source Lead to Destination */ = {
			isa = PBXNativeTarget;
			buildConfigurationList = 8C0D24DA239B50E800EA796A /* Build configuration list for PBXNativeTarget "1059. All Paths from Source Lead to Destination" */;
			buildPhases = (
				8C0D24D0239B50E800EA796A /* Sources */,
				8C0D24D1239B50E800EA796A /* Frameworks */,
				8C0D24D2239B50E800EA796A /* CopyFiles */,
			);
			buildRules = (
			);
			dependencies = (
			);
			name = "1059. All Paths from Source Lead to Destination";
			productName = "1059. All Paths from Source Lead to Destination";
			productReference = 8C0D24D4239B50E800EA796A /* 1059. All Paths from Source Lead to Destination */;
			productType = "com.apple.product-type.tool";
		};
		8C0D24DE239C040000EA796A /* 1102. Path With Maximum Minimum Value */ = {
			isa = PBXNativeTarget;
			buildConfigurationList = 8C0D24E3239C040000EA796A /* Build configuration list for PBXNativeTarget "1102. Path With Maximum Minimum Value" */;
			buildPhases = (
				8C0D24DB239C040000EA796A /* Sources */,
				8C0D24DC239C040000EA796A /* Frameworks */,
				8C0D24DD239C040000EA796A /* CopyFiles */,
			);
			buildRules = (
			);
			dependencies = (
			);
			name = "1102. Path With Maximum Minimum Value";
			productName = "1102. Path With Maximum Minimum Value";
			productReference = 8C0D24DF239C040000EA796A /* 1102. Path With Maximum Minimum Value */;
			productType = "com.apple.product-type.tool";
		};
		8C0D2AA4239F4DBA00EA796A /* 1129. Shortest Path with Alternating Colors */ = {
			isa = PBXNativeTarget;
			buildConfigurationList = 8C0D2AAB239F4DBA00EA796A /* Build configuration list for PBXNativeTarget "1129. Shortest Path with Alternating Colors" */;
			buildPhases = (
				8C0D2AA1239F4DBA00EA796A /* Sources */,
				8C0D2AA2239F4DBA00EA796A /* Frameworks */,
				8C0D2AA3239F4DBA00EA796A /* CopyFiles */,
			);
			buildRules = (
			);
			dependencies = (
			);
			name = "1129. Shortest Path with Alternating Colors";
			productName = "1129. Shortest Path with Alternating Colors";
			productReference = 8C0D2AA5239F4DBA00EA796A /* 1129. Shortest Path with Alternating Colors */;
			productType = "com.apple.product-type.tool";
		};
		8C0D2AAF239F711100EA796A /* 1135. Connecting Cities With Minimum Cost */ = {
			isa = PBXNativeTarget;
			buildConfigurationList = 8C0D2AB4239F711100EA796A /* Build configuration list for PBXNativeTarget "1135. Connecting Cities With Minimum Cost" */;
			buildPhases = (
				8C0D2AAC239F711100EA796A /* Sources */,
				8C0D2AAD239F711100EA796A /* Frameworks */,
				8C0D2AAE239F711100EA796A /* CopyFiles */,
			);
			buildRules = (
			);
			dependencies = (
			);
			name = "1135. Connecting Cities With Minimum Cost";
			productName = "1135. Connecting Cities With Minimum Cost";
			productReference = 8C0D2AB0239F711100EA796A /* 1135. Connecting Cities With Minimum Cost */;
			productType = "com.apple.product-type.tool";
		};
		8C63042E23962A4F00B49C30 /* 959. Regions Cut By Slashes */ = {
			isa = PBXNativeTarget;
			buildConfigurationList = 8C63043523962A4F00B49C30 /* Build configuration list for PBXNativeTarget "959. Regions Cut By Slashes" */;
			buildPhases = (
				8C63042B23962A4F00B49C30 /* Sources */,
				8C63042C23962A4F00B49C30 /* Frameworks */,
				8C63042D23962A4F00B49C30 /* CopyFiles */,
			);
			buildRules = (
			);
			dependencies = (
			);
			name = "959. Regions Cut By Slashes";
			productName = "959. Regions Cut By Slashes";
			productReference = 8C63042F23962A4F00B49C30 /* 959. Regions Cut By Slashes */;
			productType = "com.apple.product-type.tool";
		};
		8C631413239688E300B49C30 /* 990. Satisfiability of Equality Equations */ = {
			isa = PBXNativeTarget;
			buildConfigurationList = 8C63141A239688E300B49C30 /* Build configuration list for PBXNativeTarget "990. Satisfiability of Equality Equations" */;
			buildPhases = (
				8C631410239688E300B49C30 /* Sources */,
				8C631411239688E300B49C30 /* Frameworks */,
				8C631412239688E300B49C30 /* CopyFiles */,
			);
			buildRules = (
			);
			dependencies = (
			);
			name = "990. Satisfiability of Equality Equations";
			productName = "990. Satisfiability of Equality Equations";
			productReference = 8C631414239688E300B49C30 /* 990. Satisfiability of Equality Equations */;
			productType = "com.apple.product-type.tool";
		};
		8C63141E23968AD400B49C30 /* 996. Number of Squareful Arrays */ = {
			isa = PBXNativeTarget;
			buildConfigurationList = 8C63142323968AD400B49C30 /* Build configuration list for PBXNativeTarget "996. Number of Squareful Arrays" */;
			buildPhases = (
				8C63141B23968AD400B49C30 /* Sources */,
				8C63141C23968AD400B49C30 /* Frameworks */,
				8C63141D23968AD400B49C30 /* CopyFiles */,
			);
			buildRules = (
			);
			dependencies = (
			);
			name = "996. Number of Squareful Arrays";
			productName = "996. Number of Squareful Arrays";
			productReference = 8C63141F23968AD400B49C30 /* 996. Number of Squareful Arrays */;
			productType = "com.apple.product-type.tool";
		};
		8C6314292396975E00B49C30 /* 997. Find the Town Judge */ = {
			isa = PBXNativeTarget;
			buildConfigurationList = 8C63142E2396975E00B49C30 /* Build configuration list for PBXNativeTarget "997. Find the Town Judge" */;
			buildPhases = (
				8C6314262396975E00B49C30 /* Sources */,
				8C6314272396975E00B49C30 /* Frameworks */,
				8C6314282396975E00B49C30 /* CopyFiles */,
			);
			buildRules = (
			);
			dependencies = (
			);
			name = "997. Find the Town Judge";
			productName = "997. Find the Town Judge";
			productReference = 8C63142A2396975E00B49C30 /* 997. Find the Town Judge */;
			productType = "com.apple.product-type.tool";
		};
		8C6314342397381100B49C30 /* 1042. Flower Planting With No Adjacent */ = {
			isa = PBXNativeTarget;
			buildConfigurationList = 8C6314392397381100B49C30 /* Build configuration list for PBXNativeTarget "1042. Flower Planting With No Adjacent" */;
			buildPhases = (
				8C6314312397381100B49C30 /* Sources */,
				8C6314322397381100B49C30 /* Frameworks */,
				8C6314332397381100B49C30 /* CopyFiles */,
			);
			buildRules = (
			);
			dependencies = (
			);
			name = "1042. Flower Planting With No Adjacent";
			productName = "1042. Flower Planting With No Adjacent";
			productReference = 8C6314352397381100B49C30 /* 1042. Flower Planting With No Adjacent */;
			productType = "com.apple.product-type.tool";
		};
		8C63143F23973DE400B49C30 /* 1043. Partition Array for Maximum Sum */ = {
			isa = PBXNativeTarget;
			buildConfigurationList = 8C63144423973DE400B49C30 /* Build configuration list for PBXNativeTarget "1043. Partition Array for Maximum Sum" */;
			buildPhases = (
				8C63143C23973DE400B49C30 /* Sources */,
				8C63143D23973DE400B49C30 /* Frameworks */,
				8C63143E23973DE400B49C30 /* CopyFiles */,
			);
			buildRules = (
			);
			dependencies = (
			);
			name = "1043. Partition Array for Maximum Sum";
			productName = "1043. Partition Array for Maximum Sum";
			productReference = 8C63144023973DE400B49C30 /* 1043. Partition Array for Maximum Sum */;
			productType = "com.apple.product-type.tool";
		};
		8C9CEABF237C0ECB00539290 /* 133. Clone Graph */ = {
			isa = PBXNativeTarget;
			buildConfigurationList = 8C9CEAC6237C0ECB00539290 /* Build configuration list for PBXNativeTarget "133. Clone Graph" */;
			buildPhases = (
				8C9CEABC237C0ECB00539290 /* Sources */,
				8C9CEABD237C0ECB00539290 /* Frameworks */,
				8C9CEABE237C0ECB00539290 /* CopyFiles */,
			);
			buildRules = (
			);
			dependencies = (
			);
			name = "133. Clone Graph";
			productName = "133. Clone Graph";
			productReference = 8C9CEAC0237C0ECB00539290 /* 133. Clone Graph */;
			productType = "com.apple.product-type.tool";
		};
		8C9CEACA237C0FFB00539290 /* 310. Minimum Height Trees */ = {
			isa = PBXNativeTarget;
			buildConfigurationList = 8C9CEACF237C0FFB00539290 /* Build configuration list for PBXNativeTarget "310. Minimum Height Trees" */;
			buildPhases = (
				8C9CEAC7237C0FFB00539290 /* Sources */,
				8C9CEAC8237C0FFB00539290 /* Frameworks */,
				8C9CEAC9237C0FFB00539290 /* CopyFiles */,
			);
			buildRules = (
			);
			dependencies = (
			);
			name = "310. Minimum Height Trees";
			productName = "310. Minimum Height Trees";
			productReference = 8C9CEACB237C0FFB00539290 /* 310. Minimum Height Trees */;
			productType = "com.apple.product-type.tool";
		};
		8C9CEAD5237D1CF900539290 /* 332. Reconstruct Itinerary */ = {
			isa = PBXNativeTarget;
			buildConfigurationList = 8C9CEADC237D1CFA00539290 /* Build configuration list for PBXNativeTarget "332. Reconstruct Itinerary" */;
			buildPhases = (
				8C9CEAD2237D1CF900539290 /* Sources */,
				8C9CEAD3237D1CF900539290 /* Frameworks */,
				8C9CEAD4237D1CF900539290 /* CopyFiles */,
			);
			buildRules = (
			);
			dependencies = (
			);
			name = "332. Reconstruct Itinerary";
			productName = "332. Reconstruct Itinerary";
			productReference = 8C9CEAD6237D1CF900539290 /* 332. Reconstruct Itinerary */;
			productType = "com.apple.product-type.tool";
		};
		8CD0BA2723796EBD006524CA /* Template */ = {
			isa = PBXNativeTarget;
			buildConfigurationList = 8CD0BA2C23796EBD006524CA /* Build configuration list for PBXNativeTarget "Template" */;
			buildPhases = (
				8CD0BA2423796EBD006524CA /* Sources */,
				8CD0BA2523796EBD006524CA /* Frameworks */,
				8CD0BA2623796EBD006524CA /* CopyFiles */,
			);
			buildRules = (
			);
			dependencies = (
			);
			name = Template;
			productName = Template;
			productReference = 8CD0BA2823796EBD006524CA /* Template */;
			productType = "com.apple.product-type.tool";
		};
		8CD0BA3223796F35006524CA /* 785. Is Graph Bipartite? */ = {
			isa = PBXNativeTarget;
			buildConfigurationList = 8CD0BA3723796F35006524CA /* Build configuration list for PBXNativeTarget "785. Is Graph Bipartite?" */;
			buildPhases = (
				8CD0BA2F23796F35006524CA /* Sources */,
				8CD0BA3023796F35006524CA /* Frameworks */,
				8CD0BA3123796F35006524CA /* CopyFiles */,
			);
			buildRules = (
			);
			dependencies = (
			);
			name = "785. Is Graph Bipartite?";
			productName = "785. Is Graph Bipartite?";
			productReference = 8CD0BA3323796F35006524CA /* 785. Is Graph Bipartite? */;
			productType = "com.apple.product-type.tool";
		};
		8CDEC8AB238BBF0F00CBF1B8 /* 684. Redundant Connection */ = {
			isa = PBXNativeTarget;
			buildConfigurationList = 8CDEC8B2238BBF0F00CBF1B8 /* Build configuration list for PBXNativeTarget "684. Redundant Connection" */;
			buildPhases = (
				8CDEC8A8238BBF0F00CBF1B8 /* Sources */,
				8CDEC8A9238BBF0F00CBF1B8 /* Frameworks */,
				8CDEC8AA238BBF0F00CBF1B8 /* CopyFiles */,
			);
			buildRules = (
			);
			dependencies = (
			);
			name = "684. Redundant Connection";
			productName = "684. Redundant Connection";
			productReference = 8CDEC8AC238BBF0F00CBF1B8 /* 684. Redundant Connection */;
			productType = "com.apple.product-type.tool";
		};
		8CDEC8B6238BD40600CBF1B8 /* 685. Redundant Connection II */ = {
			isa = PBXNativeTarget;
			buildConfigurationList = 8CDEC8BB238BD40600CBF1B8 /* Build configuration list for PBXNativeTarget "685. Redundant Connection II" */;
			buildPhases = (
				8CDEC8B3238BD40600CBF1B8 /* Sources */,
				8CDEC8B4238BD40600CBF1B8 /* Frameworks */,
				8CDEC8B5238BD40600CBF1B8 /* CopyFiles */,
			);
			buildRules = (
			);
			dependencies = (
			);
			name = "685. Redundant Connection II";
			productName = "685. Redundant Connection II";
			productReference = 8CDEC8B7238BD40600CBF1B8 /* 685. Redundant Connection II */;
			productType = "com.apple.product-type.tool";
		};
		8CE2134023940B68005AE2F1 /* 839. Similar String Groups */ = {
			isa = PBXNativeTarget;
			buildConfigurationList = 8CE2134723940B68005AE2F1 /* Build configuration list for PBXNativeTarget "839. Similar String Groups" */;
			buildPhases = (
				8CE2133D23940B68005AE2F1 /* Sources */,
				8CE2133E23940B68005AE2F1 /* Frameworks */,
				8CE2133F23940B68005AE2F1 /* CopyFiles */,
			);
			buildRules = (
			);
			dependencies = (
			);
			name = "839. Similar String Groups";
			productName = "839. Similar String Groups";
			productReference = 8CE2134123940B68005AE2F1 /* 839. Similar String Groups */;
			productType = "com.apple.product-type.tool";
		};
		8CE2134B2394905B005AE2F1 /* 841. Keys and Rooms */ = {
			isa = PBXNativeTarget;
			buildConfigurationList = 8CE213502394905B005AE2F1 /* Build configuration list for PBXNativeTarget "841. Keys and Rooms" */;
			buildPhases = (
				8CE213482394905B005AE2F1 /* Sources */,
				8CE213492394905B005AE2F1 /* Frameworks */,
				8CE2134A2394905B005AE2F1 /* CopyFiles */,
			);
			buildRules = (
			);
			dependencies = (
			);
			name = "841. Keys and Rooms";
			productName = "841. Keys and Rooms";
			productReference = 8CE2134C2394905B005AE2F1 /* 841. Keys and Rooms */;
			productType = "com.apple.product-type.tool";
		};
		8CE213562394A2B7005AE2F1 /* 854. K-Similar Strings */ = {
			isa = PBXNativeTarget;
			buildConfigurationList = 8CE2135B2394A2B7005AE2F1 /* Build configuration list for PBXNativeTarget "854. K-Similar Strings" */;
			buildPhases = (
				8CE213532394A2B7005AE2F1 /* Sources */,
				8CE213542394A2B7005AE2F1 /* Frameworks */,
				8CE213552394A2B7005AE2F1 /* CopyFiles */,
			);
			buildRules = (
			);
			dependencies = (
			);
			name = "854. K-Similar Strings";
			productName = "854. K-Similar Strings";
			productReference = 8CE213572394A2B7005AE2F1 /* 854. K-Similar Strings */;
			productType = "com.apple.product-type.tool";
		};
		8CE21E422395683D005AE2F1 /* 928. Minimize Malware Spread II */ = {
			isa = PBXNativeTarget;
			buildConfigurationList = 8CE21E492395683D005AE2F1 /* Build configuration list for PBXNativeTarget "928. Minimize Malware Spread II" */;
			buildPhases = (
				8CE21E3F2395683D005AE2F1 /* Sources */,
				8CE21E402395683D005AE2F1 /* Frameworks */,
				8CE21E412395683D005AE2F1 /* CopyFiles */,
			);
			buildRules = (
			);
			dependencies = (
			);
			name = "928. Minimize Malware Spread II";
			productName = "928. Minimize Malware Spread II";
			productReference = 8CE21E432395683D005AE2F1 /* 928. Minimize Malware Spread II */;
			productType = "com.apple.product-type.tool";
		};
		8CE221C0237A532000523ACA /* 886. Possible Bipartition */ = {
			isa = PBXNativeTarget;
			buildConfigurationList = 8CE221C7237A532000523ACA /* Build configuration list for PBXNativeTarget "886. Possible Bipartition" */;
			buildPhases = (
				8CE221BD237A532000523ACA /* Sources */,
				8CE221BE237A532000523ACA /* Frameworks */,
				8CE221BF237A532000523ACA /* CopyFiles */,
			);
			buildRules = (
			);
			dependencies = (
			);
			name = "886. Possible Bipartition";
			productName = "886. Possible Bipartition";
			productReference = 8CE221C1237A532000523ACA /* 886. Possible Bipartition */;
			productType = "com.apple.product-type.tool";
		};
		8CE2FC1E23934B52005AE2F1 /* 802. Find Eventual Safe States */ = {
			isa = PBXNativeTarget;
			buildConfigurationList = 8CE2FC2523934B52005AE2F1 /* Build configuration list for PBXNativeTarget "802. Find Eventual Safe States" */;
			buildPhases = (
				8CE2FC1B23934B52005AE2F1 /* Sources */,
				8CE2FC1C23934B52005AE2F1 /* Frameworks */,
				8CE2FC1D23934B52005AE2F1 /* CopyFiles */,
			);
			buildRules = (
			);
			dependencies = (
			);
			name = "802. Find Eventual Safe States";
			productName = "802. Find Eventual Safe States";
			productReference = 8CE2FC1F23934B52005AE2F1 /* 802. Find Eventual Safe States */;
			productType = "com.apple.product-type.tool";
		};
/* End PBXNativeTarget section */

/* Begin PBXProject section */
		8CD0BA1223796E56006524CA /* Project object */ = {
			isa = PBXProject;
			attributes = {
				LastUpgradeCheck = 1110;
				ORGANIZATIONNAME = "边俊林";
				TargetAttributes = {
					8C0D24D3239B50E800EA796A = {
						CreatedOnToolsVersion = 11.2.1;
					};
					8C0D24DE239C040000EA796A = {
						CreatedOnToolsVersion = 11.2.1;
					};
					8C0D2AA4239F4DBA00EA796A = {
						CreatedOnToolsVersion = 11.2.1;
					};
					8C0D2AAF239F711100EA796A = {
						CreatedOnToolsVersion = 11.2.1;
					};
					8C63042E23962A4F00B49C30 = {
						CreatedOnToolsVersion = 11.2.1;
					};
					8C631413239688E300B49C30 = {
						CreatedOnToolsVersion = 11.2.1;
					};
					8C63141E23968AD400B49C30 = {
						CreatedOnToolsVersion = 11.2.1;
					};
					8C6314292396975E00B49C30 = {
						CreatedOnToolsVersion = 11.2.1;
					};
					8C6314342397381100B49C30 = {
						CreatedOnToolsVersion = 11.2.1;
					};
					8C63143F23973DE400B49C30 = {
						CreatedOnToolsVersion = 11.2.1;
					};
					8C9CEABF237C0ECB00539290 = {
						CreatedOnToolsVersion = 11.1;
					};
					8C9CEACA237C0FFB00539290 = {
						CreatedOnToolsVersion = 11.1;
					};
					8C9CEAD5237D1CF900539290 = {
						CreatedOnToolsVersion = 11.1;
					};
					8CD0BA2723796EBD006524CA = {
						CreatedOnToolsVersion = 11.1;
					};
					8CD0BA3223796F35006524CA = {
						CreatedOnToolsVersion = 11.1;
					};
					8CDEC8AB238BBF0F00CBF1B8 = {
						CreatedOnToolsVersion = 11.2.1;
					};
					8CDEC8B6238BD40600CBF1B8 = {
						CreatedOnToolsVersion = 11.2.1;
					};
					8CE2134023940B68005AE2F1 = {
						CreatedOnToolsVersion = 11.2.1;
					};
					8CE2134B2394905B005AE2F1 = {
						CreatedOnToolsVersion = 11.2.1;
					};
					8CE213562394A2B7005AE2F1 = {
						CreatedOnToolsVersion = 11.2.1;
					};
					8CE21E422395683D005AE2F1 = {
						CreatedOnToolsVersion = 11.2.1;
					};
					8CE221C0237A532000523ACA = {
						CreatedOnToolsVersion = 11.1;
					};
					8CE2FC1E23934B52005AE2F1 = {
						CreatedOnToolsVersion = 11.2.1;
					};
				};
			};
			buildConfigurationList = 8CD0BA1523796E56006524CA /* Build configuration list for PBXProject "Graph" */;
			compatibilityVersion = "Xcode 9.3";
			developmentRegion = en;
			hasScannedForEncodings = 0;
			knownRegions = (
				en,
				Base,
			);
			mainGroup = 8CD0BA1123796E56006524CA;
			productRefGroup = 8CD0BA1B23796E56006524CA /* Products */;
			projectDirPath = "";
			projectRoot = "";
			targets = (
				8CD0BA2723796EBD006524CA /* Template */,
				8CD0BA3223796F35006524CA /* 785. Is Graph Bipartite? */,
				8CE221C0237A532000523ACA /* 886. Possible Bipartition */,
				8C9CEABF237C0ECB00539290 /* 133. Clone Graph */,
				8C9CEACA237C0FFB00539290 /* 310. Minimum Height Trees */,
				8C9CEAD5237D1CF900539290 /* 332. Reconstruct Itinerary */,
				8CDEC8AB238BBF0F00CBF1B8 /* 684. Redundant Connection */,
				8CDEC8B6238BD40600CBF1B8 /* 685. Redundant Connection II */,
				8CE2FC1E23934B52005AE2F1 /* 802. Find Eventual Safe States */,
				8CE2134023940B68005AE2F1 /* 839. Similar String Groups */,
				8CE2134B2394905B005AE2F1 /* 841. Keys and Rooms */,
				8CE213562394A2B7005AE2F1 /* 854. K-Similar Strings */,
				8CE21E422395683D005AE2F1 /* 928. Minimize Malware Spread II */,
				8C63042E23962A4F00B49C30 /* 959. Regions Cut By Slashes */,
				8C631413239688E300B49C30 /* 990. Satisfiability of Equality Equations */,
				8C63141E23968AD400B49C30 /* 996. Number of Squareful Arrays */,
				8C6314292396975E00B49C30 /* 997. Find the Town Judge */,
				8C6314342397381100B49C30 /* 1042. Flower Planting With No Adjacent */,
				8C63143F23973DE400B49C30 /* 1043. Partition Array for Maximum Sum */,
				8C0D24D3239B50E800EA796A /* 1059. All Paths from Source Lead to Destination */,
				8C0D24DE239C040000EA796A /* 1102. Path With Maximum Minimum Value */,
				8C0D2AA4239F4DBA00EA796A /* 1129. Shortest Path with Alternating Colors */,
				8C0D2AAF239F711100EA796A /* 1135. Connecting Cities With Minimum Cost */,
			);
		};
/* End PBXProject section */

/* Begin PBXSourcesBuildPhase section */
		8C0D24D0239B50E800EA796A /* Sources */ = {
			isa = PBXSourcesBuildPhase;
			buildActionMask = 2147483647;
			files = (
				8C0D24D7239B50E800EA796A /* main.cpp in Sources */,
			);
			runOnlyForDeploymentPostprocessing = 0;
		};
		8C0D24DB239C040000EA796A /* Sources */ = {
			isa = PBXSourcesBuildPhase;
			buildActionMask = 2147483647;
			files = (
				8C0D24E2239C040000EA796A /* main.cpp in Sources */,
			);
			runOnlyForDeploymentPostprocessing = 0;
		};
		8C0D2AA1239F4DBA00EA796A /* Sources */ = {
			isa = PBXSourcesBuildPhase;
			buildActionMask = 2147483647;
			files = (
				8C0D2AA8239F4DBA00EA796A /* main.cpp in Sources */,
			);
			runOnlyForDeploymentPostprocessing = 0;
		};
		8C0D2AAC239F711100EA796A /* Sources */ = {
			isa = PBXSourcesBuildPhase;
			buildActionMask = 2147483647;
			files = (
				8C0D2AB3239F711100EA796A /* main.cpp in Sources */,
			);
			runOnlyForDeploymentPostprocessing = 0;
		};
		8C63042B23962A4F00B49C30 /* Sources */ = {
			isa = PBXSourcesBuildPhase;
			buildActionMask = 2147483647;
			files = (
				8C63043223962A4F00B49C30 /* main.cpp in Sources */,
			);
			runOnlyForDeploymentPostprocessing = 0;
		};
		8C631410239688E300B49C30 /* Sources */ = {
			isa = PBXSourcesBuildPhase;
			buildActionMask = 2147483647;
			files = (
				8C631417239688E300B49C30 /* main.cpp in Sources */,
			);
			runOnlyForDeploymentPostprocessing = 0;
		};
		8C63141B23968AD400B49C30 /* Sources */ = {
			isa = PBXSourcesBuildPhase;
			buildActionMask = 2147483647;
			files = (
				8C63142223968AD400B49C30 /* main.cpp in Sources */,
			);
			runOnlyForDeploymentPostprocessing = 0;
		};
		8C6314262396975E00B49C30 /* Sources */ = {
			isa = PBXSourcesBuildPhase;
			buildActionMask = 2147483647;
			files = (
				8C63142D2396975E00B49C30 /* main.cpp in Sources */,
			);
			runOnlyForDeploymentPostprocessing = 0;
		};
		8C6314312397381100B49C30 /* Sources */ = {
			isa = PBXSourcesBuildPhase;
			buildActionMask = 2147483647;
			files = (
				8C6314382397381100B49C30 /* main.cpp in Sources */,
			);
			runOnlyForDeploymentPostprocessing = 0;
		};
		8C63143C23973DE400B49C30 /* Sources */ = {
			isa = PBXSourcesBuildPhase;
			buildActionMask = 2147483647;
			files = (
				8C63144323973DE400B49C30 /* main.cpp in Sources */,
			);
			runOnlyForDeploymentPostprocessing = 0;
		};
		8C9CEABC237C0ECB00539290 /* Sources */ = {
			isa = PBXSourcesBuildPhase;
			buildActionMask = 2147483647;
			files = (
				8C9CEAC3237C0ECB00539290 /* main.cpp in Sources */,
			);
			runOnlyForDeploymentPostprocessing = 0;
		};
		8C9CEAC7237C0FFB00539290 /* Sources */ = {
			isa = PBXSourcesBuildPhase;
			buildActionMask = 2147483647;
			files = (
				8C9CEACE237C0FFB00539290 /* main.cpp in Sources */,
			);
			runOnlyForDeploymentPostprocessing = 0;
		};
		8C9CEAD2237D1CF900539290 /* Sources */ = {
			isa = PBXSourcesBuildPhase;
			buildActionMask = 2147483647;
			files = (
				8C9CEAD9237D1CFA00539290 /* main.cpp in Sources */,
			);
			runOnlyForDeploymentPostprocessing = 0;
		};
		8CD0BA2423796EBD006524CA /* Sources */ = {
			isa = PBXSourcesBuildPhase;
			buildActionMask = 2147483647;
			files = (
				8CD0BA2B23796EBD006524CA /* main.cpp in Sources */,
			);
			runOnlyForDeploymentPostprocessing = 0;
		};
		8CD0BA2F23796F35006524CA /* Sources */ = {
			isa = PBXSourcesBuildPhase;
			buildActionMask = 2147483647;
			files = (
				8CD0BA3623796F35006524CA /* main.cpp in Sources */,
			);
			runOnlyForDeploymentPostprocessing = 0;
		};
		8CDEC8A8238BBF0F00CBF1B8 /* Sources */ = {
			isa = PBXSourcesBuildPhase;
			buildActionMask = 2147483647;
			files = (
				8CDEC8AF238BBF0F00CBF1B8 /* main.cpp in Sources */,
			);
			runOnlyForDeploymentPostprocessing = 0;
		};
		8CDEC8B3238BD40600CBF1B8 /* Sources */ = {
			isa = PBXSourcesBuildPhase;
			buildActionMask = 2147483647;
			files = (
				8CDEC8BA238BD40600CBF1B8 /* main.cpp in Sources */,
			);
			runOnlyForDeploymentPostprocessing = 0;
		};
		8CE2133D23940B68005AE2F1 /* Sources */ = {
			isa = PBXSourcesBuildPhase;
			buildActionMask = 2147483647;
			files = (
				8CE2134423940B68005AE2F1 /* main.cpp in Sources */,
			);
			runOnlyForDeploymentPostprocessing = 0;
		};
		8CE213482394905B005AE2F1 /* Sources */ = {
			isa = PBXSourcesBuildPhase;
			buildActionMask = 2147483647;
			files = (
				8CE2134F2394905B005AE2F1 /* main.cpp in Sources */,
			);
			runOnlyForDeploymentPostprocessing = 0;
		};
		8CE213532394A2B7005AE2F1 /* Sources */ = {
			isa = PBXSourcesBuildPhase;
			buildActionMask = 2147483647;
			files = (
				8CE2135A2394A2B7005AE2F1 /* main.cpp in Sources */,
			);
			runOnlyForDeploymentPostprocessing = 0;
		};
		8CE21E3F2395683D005AE2F1 /* Sources */ = {
			isa = PBXSourcesBuildPhase;
			buildActionMask = 2147483647;
			files = (
				8CE21E462395683D005AE2F1 /* main.cpp in Sources */,
			);
			runOnlyForDeploymentPostprocessing = 0;
		};
		8CE221BD237A532000523ACA /* Sources */ = {
			isa = PBXSourcesBuildPhase;
			buildActionMask = 2147483647;
			files = (
				8CE221C4237A532000523ACA /* main.cpp in Sources */,
			);
			runOnlyForDeploymentPostprocessing = 0;
		};
		8CE2FC1B23934B52005AE2F1 /* Sources */ = {
			isa = PBXSourcesBuildPhase;
			buildActionMask = 2147483647;
			files = (
				8CE2FC2223934B52005AE2F1 /* main.cpp in Sources */,
			);
			runOnlyForDeploymentPostprocessing = 0;
		};
/* End PBXSourcesBuildPhase section */

/* Begin XCBuildConfiguration section */
		8C0D24D8239B50E800EA796A /* Debug */ = {
			isa = XCBuildConfiguration;
			buildSettings = {
				CODE_SIGN_STYLE = Automatic;
				PRODUCT_NAME = "$(TARGET_NAME)";
			};
			name = Debug;
		};
		8C0D24D9239B50E800EA796A /* Release */ = {
			isa = XCBuildConfiguration;
			buildSettings = {
				CODE_SIGN_STYLE = Automatic;
				PRODUCT_NAME = "$(TARGET_NAME)";
			};
			name = Release;
		};
		8C0D24E4239C040000EA796A /* Debug */ = {
			isa = XCBuildConfiguration;
			buildSettings = {
				CODE_SIGN_STYLE = Automatic;
				PRODUCT_NAME = "$(TARGET_NAME)";
			};
			name = Debug;
		};
		8C0D24E5239C040000EA796A /* Release */ = {
			isa = XCBuildConfiguration;
			buildSettings = {
				CODE_SIGN_STYLE = Automatic;
				PRODUCT_NAME = "$(TARGET_NAME)";
			};
			name = Release;
		};
		8C0D2AA9239F4DBA00EA796A /* Debug */ = {
			isa = XCBuildConfiguration;
			buildSettings = {
				CODE_SIGN_STYLE = Automatic;
				PRODUCT_NAME = "$(TARGET_NAME)";
			};
			name = Debug;
		};
		8C0D2AAA239F4DBA00EA796A /* Release */ = {
			isa = XCBuildConfiguration;
			buildSettings = {
				CODE_SIGN_STYLE = Automatic;
				PRODUCT_NAME = "$(TARGET_NAME)";
			};
			name = Release;
		};
		8C0D2AB5239F711100EA796A /* Debug */ = {
			isa = XCBuildConfiguration;
			buildSettings = {
				CODE_SIGN_STYLE = Automatic;
				PRODUCT_NAME = "$(TARGET_NAME)";
			};
			name = Debug;
		};
		8C0D2AB6239F711100EA796A /* Release */ = {
			isa = XCBuildConfiguration;
			buildSettings = {
				CODE_SIGN_STYLE = Automatic;
				PRODUCT_NAME = "$(TARGET_NAME)";
			};
			name = Release;
		};
		8C63043323962A4F00B49C30 /* Debug */ = {
			isa = XCBuildConfiguration;
			buildSettings = {
				CODE_SIGN_STYLE = Automatic;
				PRODUCT_NAME = "$(TARGET_NAME)";
			};
			name = Debug;
		};
		8C63043423962A4F00B49C30 /* Release */ = {
			isa = XCBuildConfiguration;
			buildSettings = {
				CODE_SIGN_STYLE = Automatic;
				PRODUCT_NAME = "$(TARGET_NAME)";
			};
			name = Release;
		};
		8C631418239688E300B49C30 /* Debug */ = {
			isa = XCBuildConfiguration;
			buildSettings = {
				CODE_SIGN_STYLE = Automatic;
				PRODUCT_NAME = "$(TARGET_NAME)";
			};
			name = Debug;
		};
		8C631419239688E300B49C30 /* Release */ = {
			isa = XCBuildConfiguration;
			buildSettings = {
				CODE_SIGN_STYLE = Automatic;
				PRODUCT_NAME = "$(TARGET_NAME)";
			};
			name = Release;
		};
		8C63142423968AD400B49C30 /* Debug */ = {
			isa = XCBuildConfiguration;
			buildSettings = {
				CODE_SIGN_STYLE = Automatic;
				PRODUCT_NAME = "$(TARGET_NAME)";
			};
			name = Debug;
		};
		8C63142523968AD400B49C30 /* Release */ = {
			isa = XCBuildConfiguration;
			buildSettings = {
				CODE_SIGN_STYLE = Automatic;
				PRODUCT_NAME = "$(TARGET_NAME)";
			};
			name = Release;
		};
		8C63142F2396975E00B49C30 /* Debug */ = {
			isa = XCBuildConfiguration;
			buildSettings = {
				CODE_SIGN_STYLE = Automatic;
				PRODUCT_NAME = "$(TARGET_NAME)";
			};
			name = Debug;
		};
		8C6314302396975E00B49C30 /* Release */ = {
			isa = XCBuildConfiguration;
			buildSettings = {
				CODE_SIGN_STYLE = Automatic;
				PRODUCT_NAME = "$(TARGET_NAME)";
			};
			name = Release;
		};
		8C63143A2397381100B49C30 /* Debug */ = {
			isa = XCBuildConfiguration;
			buildSettings = {
				CODE_SIGN_STYLE = Automatic;
				PRODUCT_NAME = "$(TARGET_NAME)";
			};
			name = Debug;
		};
		8C63143B2397381100B49C30 /* Release */ = {
			isa = XCBuildConfiguration;
			buildSettings = {
				CODE_SIGN_STYLE = Automatic;
				PRODUCT_NAME = "$(TARGET_NAME)";
			};
			name = Release;
		};
		8C63144523973DE400B49C30 /* Debug */ = {
			isa = XCBuildConfiguration;
			buildSettings = {
				CODE_SIGN_STYLE = Automatic;
				PRODUCT_NAME = "$(TARGET_NAME)";
			};
			name = Debug;
		};
		8C63144623973DE400B49C30 /* Release */ = {
			isa = XCBuildConfiguration;
			buildSettings = {
				CODE_SIGN_STYLE = Automatic;
				PRODUCT_NAME = "$(TARGET_NAME)";
			};
			name = Release;
		};
		8C9CEAC4237C0ECB00539290 /* Debug */ = {
			isa = XCBuildConfiguration;
			buildSettings = {
				CODE_SIGN_STYLE = Automatic;
				PRODUCT_NAME = "$(TARGET_NAME)";
			};
			name = Debug;
		};
		8C9CEAC5237C0ECB00539290 /* Release */ = {
			isa = XCBuildConfiguration;
			buildSettings = {
				CODE_SIGN_STYLE = Automatic;
				PRODUCT_NAME = "$(TARGET_NAME)";
			};
			name = Release;
		};
		8C9CEAD0237C0FFB00539290 /* Debug */ = {
			isa = XCBuildConfiguration;
			buildSettings = {
				CODE_SIGN_STYLE = Automatic;
				PRODUCT_NAME = "$(TARGET_NAME)";
			};
			name = Debug;
		};
		8C9CEAD1237C0FFB00539290 /* Release */ = {
			isa = XCBuildConfiguration;
			buildSettings = {
				CODE_SIGN_STYLE = Automatic;
				PRODUCT_NAME = "$(TARGET_NAME)";
			};
			name = Release;
		};
		8C9CEADA237D1CFA00539290 /* Debug */ = {
			isa = XCBuildConfiguration;
			buildSettings = {
				CODE_SIGN_STYLE = Automatic;
				PRODUCT_NAME = "$(TARGET_NAME)";
			};
			name = Debug;
		};
		8C9CEADB237D1CFA00539290 /* Release */ = {
			isa = XCBuildConfiguration;
			buildSettings = {
				CODE_SIGN_STYLE = Automatic;
				PRODUCT_NAME = "$(TARGET_NAME)";
			};
			name = Release;
		};
		8CD0BA1F23796E56006524CA /* Debug */ = {
			isa = XCBuildConfiguration;
			buildSettings = {
				ALWAYS_SEARCH_USER_PATHS = NO;
				CLANG_ANALYZER_NONNULL = YES;
				CLANG_ANALYZER_NUMBER_OBJECT_CONVERSION = YES_AGGRESSIVE;
				CLANG_CXX_LANGUAGE_STANDARD = "gnu++14";
				CLANG_CXX_LIBRARY = "libc++";
				CLANG_ENABLE_MODULES = YES;
				CLANG_ENABLE_OBJC_ARC = YES;
				CLANG_ENABLE_OBJC_WEAK = YES;
				CLANG_WARN_BLOCK_CAPTURE_AUTORELEASING = YES;
				CLANG_WARN_BOOL_CONVERSION = YES;
				CLANG_WARN_COMMA = YES;
				CLANG_WARN_CONSTANT_CONVERSION = YES;
				CLANG_WARN_DEPRECATED_OBJC_IMPLEMENTATIONS = YES;
				CLANG_WARN_DIRECT_OBJC_ISA_USAGE = YES_ERROR;
				CLANG_WARN_DOCUMENTATION_COMMENTS = YES;
				CLANG_WARN_EMPTY_BODY = YES;
				CLANG_WARN_ENUM_CONVERSION = YES;
				CLANG_WARN_INFINITE_RECURSION = YES;
				CLANG_WARN_INT_CONVERSION = YES;
				CLANG_WARN_NON_LITERAL_NULL_CONVERSION = YES;
				CLANG_WARN_OBJC_IMPLICIT_RETAIN_SELF = YES;
				CLANG_WARN_OBJC_LITERAL_CONVERSION = YES;
				CLANG_WARN_OBJC_ROOT_CLASS = YES_ERROR;
				CLANG_WARN_RANGE_LOOP_ANALYSIS = YES;
				CLANG_WARN_STRICT_PROTOTYPES = YES;
				CLANG_WARN_SUSPICIOUS_MOVE = YES;
				CLANG_WARN_UNGUARDED_AVAILABILITY = YES_AGGRESSIVE;
				CLANG_WARN_UNREACHABLE_CODE = YES;
				CLANG_WARN__DUPLICATE_METHOD_MATCH = YES;
				COPY_PHASE_STRIP = NO;
				DEBUG_INFORMATION_FORMAT = dwarf;
				ENABLE_STRICT_OBJC_MSGSEND = YES;
				ENABLE_TESTABILITY = YES;
				GCC_C_LANGUAGE_STANDARD = gnu11;
				GCC_DYNAMIC_NO_PIC = NO;
				GCC_NO_COMMON_BLOCKS = YES;
				GCC_OPTIMIZATION_LEVEL = 0;
				GCC_PREPROCESSOR_DEFINITIONS = (
					"DEBUG=1",
					"$(inherited)",
				);
				GCC_WARN_64_TO_32_BIT_CONVERSION = YES;
				GCC_WARN_ABOUT_RETURN_TYPE = YES_ERROR;
				GCC_WARN_UNDECLARED_SELECTOR = YES;
				GCC_WARN_UNINITIALIZED_AUTOS = YES_AGGRESSIVE;
				GCC_WARN_UNUSED_FUNCTION = YES;
				GCC_WARN_UNUSED_VARIABLE = YES;
				MACOSX_DEPLOYMENT_TARGET = 10.15;
				MTL_ENABLE_DEBUG_INFO = INCLUDE_SOURCE;
				MTL_FAST_MATH = YES;
				ONLY_ACTIVE_ARCH = YES;
				SDKROOT = macosx;
			};
			name = Debug;
		};
		8CD0BA2023796E56006524CA /* Release */ = {
			isa = XCBuildConfiguration;
			buildSettings = {
				ALWAYS_SEARCH_USER_PATHS = NO;
				CLANG_ANALYZER_NONNULL = YES;
				CLANG_ANALYZER_NUMBER_OBJECT_CONVERSION = YES_AGGRESSIVE;
				CLANG_CXX_LANGUAGE_STANDARD = "gnu++14";
				CLANG_CXX_LIBRARY = "libc++";
				CLANG_ENABLE_MODULES = YES;
				CLANG_ENABLE_OBJC_ARC = YES;
				CLANG_ENABLE_OBJC_WEAK = YES;
				CLANG_WARN_BLOCK_CAPTURE_AUTORELEASING = YES;
				CLANG_WARN_BOOL_CONVERSION = YES;
				CLANG_WARN_COMMA = YES;
				CLANG_WARN_CONSTANT_CONVERSION = YES;
				CLANG_WARN_DEPRECATED_OBJC_IMPLEMENTATIONS = YES;
				CLANG_WARN_DIRECT_OBJC_ISA_USAGE = YES_ERROR;
				CLANG_WARN_DOCUMENTATION_COMMENTS = YES;
				CLANG_WARN_EMPTY_BODY = YES;
				CLANG_WARN_ENUM_CONVERSION = YES;
				CLANG_WARN_INFINITE_RECURSION = YES;
				CLANG_WARN_INT_CONVERSION = YES;
				CLANG_WARN_NON_LITERAL_NULL_CONVERSION = YES;
				CLANG_WARN_OBJC_IMPLICIT_RETAIN_SELF = YES;
				CLANG_WARN_OBJC_LITERAL_CONVERSION = YES;
				CLANG_WARN_OBJC_ROOT_CLASS = YES_ERROR;
				CLANG_WARN_RANGE_LOOP_ANALYSIS = YES;
				CLANG_WARN_STRICT_PROTOTYPES = YES;
				CLANG_WARN_SUSPICIOUS_MOVE = YES;
				CLANG_WARN_UNGUARDED_AVAILABILITY = YES_AGGRESSIVE;
				CLANG_WARN_UNREACHABLE_CODE = YES;
				CLANG_WARN__DUPLICATE_METHOD_MATCH = YES;
				COPY_PHASE_STRIP = NO;
				DEBUG_INFORMATION_FORMAT = "dwarf-with-dsym";
				ENABLE_NS_ASSERTIONS = NO;
				ENABLE_STRICT_OBJC_MSGSEND = YES;
				GCC_C_LANGUAGE_STANDARD = gnu11;
				GCC_NO_COMMON_BLOCKS = YES;
				GCC_WARN_64_TO_32_BIT_CONVERSION = YES;
				GCC_WARN_ABOUT_RETURN_TYPE = YES_ERROR;
				GCC_WARN_UNDECLARED_SELECTOR = YES;
				GCC_WARN_UNINITIALIZED_AUTOS = YES_AGGRESSIVE;
				GCC_WARN_UNUSED_FUNCTION = YES;
				GCC_WARN_UNUSED_VARIABLE = YES;
				MACOSX_DEPLOYMENT_TARGET = 10.15;
				MTL_ENABLE_DEBUG_INFO = NO;
				MTL_FAST_MATH = YES;
				SDKROOT = macosx;
			};
			name = Release;
		};
		8CD0BA2D23796EBD006524CA /* Debug */ = {
			isa = XCBuildConfiguration;
			buildSettings = {
				CODE_SIGN_STYLE = Automatic;
				PRODUCT_NAME = "$(TARGET_NAME)";
			};
			name = Debug;
		};
		8CD0BA2E23796EBD006524CA /* Release */ = {
			isa = XCBuildConfiguration;
			buildSettings = {
				CODE_SIGN_STYLE = Automatic;
				PRODUCT_NAME = "$(TARGET_NAME)";
			};
			name = Release;
		};
		8CD0BA3823796F35006524CA /* Debug */ = {
			isa = XCBuildConfiguration;
			buildSettings = {
				CODE_SIGN_STYLE = Automatic;
				PRODUCT_NAME = "$(TARGET_NAME)";
			};
			name = Debug;
		};
		8CD0BA3923796F35006524CA /* Release */ = {
			isa = XCBuildConfiguration;
			buildSettings = {
				CODE_SIGN_STYLE = Automatic;
				PRODUCT_NAME = "$(TARGET_NAME)";
			};
			name = Release;
		};
		8CDEC8B0238BBF0F00CBF1B8 /* Debug */ = {
			isa = XCBuildConfiguration;
			buildSettings = {
				CODE_SIGN_STYLE = Automatic;
				PRODUCT_NAME = "$(TARGET_NAME)";
			};
			name = Debug;
		};
		8CDEC8B1238BBF0F00CBF1B8 /* Release */ = {
			isa = XCBuildConfiguration;
			buildSettings = {
				CODE_SIGN_STYLE = Automatic;
				PRODUCT_NAME = "$(TARGET_NAME)";
			};
			name = Release;
		};
		8CDEC8BC238BD40600CBF1B8 /* Debug */ = {
			isa = XCBuildConfiguration;
			buildSettings = {
				CODE_SIGN_STYLE = Automatic;
				PRODUCT_NAME = "$(TARGET_NAME)";
			};
			name = Debug;
		};
		8CDEC8BD238BD40600CBF1B8 /* Release */ = {
			isa = XCBuildConfiguration;
			buildSettings = {
				CODE_SIGN_STYLE = Automatic;
				PRODUCT_NAME = "$(TARGET_NAME)";
			};
			name = Release;
		};
		8CE2134523940B68005AE2F1 /* Debug */ = {
			isa = XCBuildConfiguration;
			buildSettings = {
				CODE_SIGN_STYLE = Automatic;
				PRODUCT_NAME = "$(TARGET_NAME)";
			};
			name = Debug;
		};
		8CE2134623940B68005AE2F1 /* Release */ = {
			isa = XCBuildConfiguration;
			buildSettings = {
				CODE_SIGN_STYLE = Automatic;
				PRODUCT_NAME = "$(TARGET_NAME)";
			};
			name = Release;
		};
		8CE213512394905B005AE2F1 /* Debug */ = {
			isa = XCBuildConfiguration;
			buildSettings = {
				CODE_SIGN_STYLE = Automatic;
				PRODUCT_NAME = "$(TARGET_NAME)";
			};
			name = Debug;
		};
		8CE213522394905B005AE2F1 /* Release */ = {
			isa = XCBuildConfiguration;
			buildSettings = {
				CODE_SIGN_STYLE = Automatic;
				PRODUCT_NAME = "$(TARGET_NAME)";
			};
			name = Release;
		};
		8CE2135C2394A2B7005AE2F1 /* Debug */ = {
			isa = XCBuildConfiguration;
			buildSettings = {
				CODE_SIGN_STYLE = Automatic;
				PRODUCT_NAME = "$(TARGET_NAME)";
			};
			name = Debug;
		};
		8CE2135D2394A2B7005AE2F1 /* Release */ = {
			isa = XCBuildConfiguration;
			buildSettings = {
				CODE_SIGN_STYLE = Automatic;
				PRODUCT_NAME = "$(TARGET_NAME)";
			};
			name = Release;
		};
		8CE21E472395683D005AE2F1 /* Debug */ = {
			isa = XCBuildConfiguration;
			buildSettings = {
				CODE_SIGN_STYLE = Automatic;
				PRODUCT_NAME = "$(TARGET_NAME)";
			};
			name = Debug;
		};
		8CE21E482395683D005AE2F1 /* Release */ = {
			isa = XCBuildConfiguration;
			buildSettings = {
				CODE_SIGN_STYLE = Automatic;
				PRODUCT_NAME = "$(TARGET_NAME)";
			};
			name = Release;
		};
		8CE221C5237A532000523ACA /* Debug */ = {
			isa = XCBuildConfiguration;
			buildSettings = {
				CODE_SIGN_STYLE = Automatic;
				PRODUCT_NAME = "$(TARGET_NAME)";
			};
			name = Debug;
		};
		8CE221C6237A532000523ACA /* Release */ = {
			isa = XCBuildConfiguration;
			buildSettings = {
				CODE_SIGN_STYLE = Automatic;
				PRODUCT_NAME = "$(TARGET_NAME)";
			};
			name = Release;
		};
		8CE2FC2323934B52005AE2F1 /* Debug */ = {
			isa = XCBuildConfiguration;
			buildSettings = {
				CODE_SIGN_STYLE = Automatic;
				PRODUCT_NAME = "$(TARGET_NAME)";
			};
			name = Debug;
		};
		8CE2FC2423934B52005AE2F1 /* Release */ = {
			isa = XCBuildConfiguration;
			buildSettings = {
				CODE_SIGN_STYLE = Automatic;
				PRODUCT_NAME = "$(TARGET_NAME)";
			};
			name = Release;
		};
/* End XCBuildConfiguration section */

/* Begin XCConfigurationList section */
		8C0D24DA239B50E800EA796A /* Build configuration list for PBXNativeTarget "1059. All Paths from Source Lead to Destination" */ = {
			isa = XCConfigurationList;
			buildConfigurations = (
				8C0D24D8239B50E800EA796A /* Debug */,
				8C0D24D9239B50E800EA796A /* Release */,
			);
			defaultConfigurationIsVisible = 0;
			defaultConfigurationName = Release;
		};
		8C0D24E3239C040000EA796A /* Build configuration list for PBXNativeTarget "1102. Path With Maximum Minimum Value" */ = {
			isa = XCConfigurationList;
			buildConfigurations = (
				8C0D24E4239C040000EA796A /* Debug */,
				8C0D24E5239C040000EA796A /* Release */,
			);
			defaultConfigurationIsVisible = 0;
			defaultConfigurationName = Release;
		};
		8C0D2AAB239F4DBA00EA796A /* Build configuration list for PBXNativeTarget "1129. Shortest Path with Alternating Colors" */ = {
			isa = XCConfigurationList;
			buildConfigurations = (
				8C0D2AA9239F4DBA00EA796A /* Debug */,
				8C0D2AAA239F4DBA00EA796A /* Release */,
			);
			defaultConfigurationIsVisible = 0;
			defaultConfigurationName = Release;
		};
		8C0D2AB4239F711100EA796A /* Build configuration list for PBXNativeTarget "1135. Connecting Cities With Minimum Cost" */ = {
			isa = XCConfigurationList;
			buildConfigurations = (
				8C0D2AB5239F711100EA796A /* Debug */,
				8C0D2AB6239F711100EA796A /* Release */,
			);
			defaultConfigurationIsVisible = 0;
			defaultConfigurationName = Release;
		};
		8C63043523962A4F00B49C30 /* Build configuration list for PBXNativeTarget "959. Regions Cut By Slashes" */ = {
			isa = XCConfigurationList;
			buildConfigurations = (
				8C63043323962A4F00B49C30 /* Debug */,
				8C63043423962A4F00B49C30 /* Release */,
			);
			defaultConfigurationIsVisible = 0;
			defaultConfigurationName = Release;
		};
		8C63141A239688E300B49C30 /* Build configuration list for PBXNativeTarget "990. Satisfiability of Equality Equations" */ = {
			isa = XCConfigurationList;
			buildConfigurations = (
				8C631418239688E300B49C30 /* Debug */,
				8C631419239688E300B49C30 /* Release */,
			);
			defaultConfigurationIsVisible = 0;
			defaultConfigurationName = Release;
		};
		8C63142323968AD400B49C30 /* Build configuration list for PBXNativeTarget "996. Number of Squareful Arrays" */ = {
			isa = XCConfigurationList;
			buildConfigurations = (
				8C63142423968AD400B49C30 /* Debug */,
				8C63142523968AD400B49C30 /* Release */,
			);
			defaultConfigurationIsVisible = 0;
			defaultConfigurationName = Release;
		};
		8C63142E2396975E00B49C30 /* Build configuration list for PBXNativeTarget "997. Find the Town Judge" */ = {
			isa = XCConfigurationList;
			buildConfigurations = (
				8C63142F2396975E00B49C30 /* Debug */,
				8C6314302396975E00B49C30 /* Release */,
			);
			defaultConfigurationIsVisible = 0;
			defaultConfigurationName = Release;
		};
		8C6314392397381100B49C30 /* Build configuration list for PBXNativeTarget "1042. Flower Planting With No Adjacent" */ = {
			isa = XCConfigurationList;
			buildConfigurations = (
				8C63143A2397381100B49C30 /* Debug */,
				8C63143B2397381100B49C30 /* Release */,
			);
			defaultConfigurationIsVisible = 0;
			defaultConfigurationName = Release;
		};
		8C63144423973DE400B49C30 /* Build configuration list for PBXNativeTarget "1043. Partition Array for Maximum Sum" */ = {
			isa = XCConfigurationList;
			buildConfigurations = (
				8C63144523973DE400B49C30 /* Debug */,
				8C63144623973DE400B49C30 /* Release */,
			);
			defaultConfigurationIsVisible = 0;
			defaultConfigurationName = Release;
		};
		8C9CEAC6237C0ECB00539290 /* Build configuration list for PBXNativeTarget "133. Clone Graph" */ = {
			isa = XCConfigurationList;
			buildConfigurations = (
				8C9CEAC4237C0ECB00539290 /* Debug */,
				8C9CEAC5237C0ECB00539290 /* Release */,
			);
			defaultConfigurationIsVisible = 0;
			defaultConfigurationName = Release;
		};
		8C9CEACF237C0FFB00539290 /* Build configuration list for PBXNativeTarget "310. Minimum Height Trees" */ = {
			isa = XCConfigurationList;
			buildConfigurations = (
				8C9CEAD0237C0FFB00539290 /* Debug */,
				8C9CEAD1237C0FFB00539290 /* Release */,
			);
			defaultConfigurationIsVisible = 0;
			defaultConfigurationName = Release;
		};
		8C9CEADC237D1CFA00539290 /* Build configuration list for PBXNativeTarget "332. Reconstruct Itinerary" */ = {
			isa = XCConfigurationList;
			buildConfigurations = (
				8C9CEADA237D1CFA00539290 /* Debug */,
				8C9CEADB237D1CFA00539290 /* Release */,
			);
			defaultConfigurationIsVisible = 0;
			defaultConfigurationName = Release;
		};
		8CD0BA1523796E56006524CA /* Build configuration list for PBXProject "Graph" */ = {
			isa = XCConfigurationList;
			buildConfigurations = (
				8CD0BA1F23796E56006524CA /* Debug */,
				8CD0BA2023796E56006524CA /* Release */,
			);
			defaultConfigurationIsVisible = 0;
			defaultConfigurationName = Release;
		};
		8CD0BA2C23796EBD006524CA /* Build configuration list for PBXNativeTarget "Template" */ = {
			isa = XCConfigurationList;
			buildConfigurations = (
				8CD0BA2D23796EBD006524CA /* Debug */,
				8CD0BA2E23796EBD006524CA /* Release */,
			);
			defaultConfigurationIsVisible = 0;
			defaultConfigurationName = Release;
		};
		8CD0BA3723796F35006524CA /* Build configuration list for PBXNativeTarget "785. Is Graph Bipartite?" */ = {
			isa = XCConfigurationList;
			buildConfigurations = (
				8CD0BA3823796F35006524CA /* Debug */,
				8CD0BA3923796F35006524CA /* Release */,
			);
			defaultConfigurationIsVisible = 0;
			defaultConfigurationName = Release;
		};
		8CDEC8B2238BBF0F00CBF1B8 /* Build configuration list for PBXNativeTarget "684. Redundant Connection" */ = {
			isa = XCConfigurationList;
			buildConfigurations = (
				8CDEC8B0238BBF0F00CBF1B8 /* Debug */,
				8CDEC8B1238BBF0F00CBF1B8 /* Release */,
			);
			defaultConfigurationIsVisible = 0;
			defaultConfigurationName = Release;
		};
		8CDEC8BB238BD40600CBF1B8 /* Build configuration list for PBXNativeTarget "685. Redundant Connection II" */ = {
			isa = XCConfigurationList;
			buildConfigurations = (
				8CDEC8BC238BD40600CBF1B8 /* Debug */,
				8CDEC8BD238BD40600CBF1B8 /* Release */,
			);
			defaultConfigurationIsVisible = 0;
			defaultConfigurationName = Release;
		};
		8CE2134723940B68005AE2F1 /* Build configuration list for PBXNativeTarget "839. Similar String Groups" */ = {
			isa = XCConfigurationList;
			buildConfigurations = (
				8CE2134523940B68005AE2F1 /* Debug */,
				8CE2134623940B68005AE2F1 /* Release */,
			);
			defaultConfigurationIsVisible = 0;
			defaultConfigurationName = Release;
		};
		8CE213502394905B005AE2F1 /* Build configuration list for PBXNativeTarget "841. Keys and Rooms" */ = {
			isa = XCConfigurationList;
			buildConfigurations = (
				8CE213512394905B005AE2F1 /* Debug */,
				8CE213522394905B005AE2F1 /* Release */,
			);
			defaultConfigurationIsVisible = 0;
			defaultConfigurationName = Release;
		};
		8CE2135B2394A2B7005AE2F1 /* Build configuration list for PBXNativeTarget "854. K-Similar Strings" */ = {
			isa = XCConfigurationList;
			buildConfigurations = (
				8CE2135C2394A2B7005AE2F1 /* Debug */,
				8CE2135D2394A2B7005AE2F1 /* Release */,
			);
			defaultConfigurationIsVisible = 0;
			defaultConfigurationName = Release;
		};
		8CE21E492395683D005AE2F1 /* Build configuration list for PBXNativeTarget "928. Minimize Malware Spread II" */ = {
			isa = XCConfigurationList;
			buildConfigurations = (
				8CE21E472395683D005AE2F1 /* Debug */,
				8CE21E482395683D005AE2F1 /* Release */,
			);
			defaultConfigurationIsVisible = 0;
			defaultConfigurationName = Release;
		};
		8CE221C7237A532000523ACA /* Build configuration list for PBXNativeTarget "886. Possible Bipartition" */ = {
			isa = XCConfigurationList;
			buildConfigurations = (
				8CE221C5237A532000523ACA /* Debug */,
				8CE221C6237A532000523ACA /* Release */,
			);
			defaultConfigurationIsVisible = 0;
			defaultConfigurationName = Release;
		};
		8CE2FC2523934B52005AE2F1 /* Build configuration list for PBXNativeTarget "802. Find Eventual Safe States" */ = {
			isa = XCConfigurationList;
			buildConfigurations = (
				8CE2FC2323934B52005AE2F1 /* Debug */,
				8CE2FC2423934B52005AE2F1 /* Release */,
			);
			defaultConfigurationIsVisible = 0;
			defaultConfigurationName = Release;
		};
/* End XCConfigurationList section */
	};
	rootObject = 8CD0BA1223796E56006524CA /* Project object */;
}
